// !$*UTF8*$!
{
	archiveVersion = 1;
	classes = {
	};
	objectVersion = 46;
	objects = {

/* Begin PBXBuildFile section */
		D4886ECC1BE5794400AFAC9E /* LLVM.swift in Sources */ = {isa = PBXBuildFile; fileRef = D4886ECB1BE5794400AFAC9E /* LLVM.swift */; };
		D4886ECE1BE57F1500AFAC9E /* Constant.swift in Sources */ = {isa = PBXBuildFile; fileRef = D4886ECD1BE57F1500AFAC9E /* Constant.swift */; };
		D4C6E6C319E227C700A575F5 /* Context.swift in Sources */ = {isa = PBXBuildFile; fileRef = D4C6E6C119E227C700A575F5 /* Context.swift */; };
		D4C6E6C419E227C700A575F5 /* Module.swift in Sources */ = {isa = PBXBuildFile; fileRef = D4C6E6C219E227C700A575F5 /* Module.swift */; };
		D4C6E6C719E22C5E00A575F5 /* Type.swift in Sources */ = {isa = PBXBuildFile; fileRef = D4C6E6C619E22C5E00A575F5 /* Type.swift */; };
		D4E572CB19E1AD4D00158018 /* Auspicion.h in Headers */ = {isa = PBXBuildFile; fileRef = D4E572CA19E1AD4D00158018 /* Auspicion.h */; settings = {ATTRIBUTES = (Public, ); }; };
		D4E572D119E1AD4D00158018 /* Auspicion.framework in Frameworks */ = {isa = PBXBuildFile; fileRef = D4E572C519E1AD4D00158018 /* Auspicion.framework */; };
		D4E572D819E1AD4D00158018 /* AuspicionTests.swift in Sources */ = {isa = PBXBuildFile; fileRef = D4E572D719E1AD4D00158018 /* AuspicionTests.swift */; };
		D4E572F019E1BF7F00158018 /* libLLVM-3.5.dylib in Frameworks */ = {isa = PBXBuildFile; fileRef = D4E572EF19E1BF7F00158018 /* libLLVM-3.5.dylib */; };
		D4E572F219E1C01A00158018 /* libLLVM-3.5.dylib in Copy Libraries */ = {isa = PBXBuildFile; fileRef = D4E572EF19E1BF7F00158018 /* libLLVM-3.5.dylib */; settings = {ATTRIBUTES = (CodeSignOnCopy, ); }; };
/* End PBXBuildFile section */

/* Begin PBXContainerItemProxy section */
		D4E572D219E1AD4D00158018 /* PBXContainerItemProxy */ = {
			isa = PBXContainerItemProxy;
			containerPortal = D4E572BC19E1AD4D00158018 /* Project object */;
			proxyType = 1;
			remoteGlobalIDString = D4E572C419E1AD4D00158018;
			remoteInfo = Auspicion;
		};
/* End PBXContainerItemProxy section */

/* Begin PBXCopyFilesBuildPhase section */
		D4E572F119E1C00800158018 /* Copy Libraries */ = {
			isa = PBXCopyFilesBuildPhase;
			buildActionMask = 2147483647;
			dstPath = "";
			dstSubfolderSpec = 10;
			files = (
				D4E572F219E1C01A00158018 /* libLLVM-3.5.dylib in Copy Libraries */,
			);
			name = "Copy Libraries";
			runOnlyForDeploymentPostprocessing = 0;
		};
/* End PBXCopyFilesBuildPhase section */

/* Begin PBXFileReference section */
		D4886ECB1BE5794400AFAC9E /* LLVM.swift */ = {isa = PBXFileReference; fileEncoding = 4; lastKnownFileType = sourcecode.swift; path = LLVM.swift; sourceTree = "<group>"; };
		D4886ECD1BE57F1500AFAC9E /* Constant.swift */ = {isa = PBXFileReference; fileEncoding = 4; lastKnownFileType = sourcecode.swift; path = Constant.swift; sourceTree = "<group>"; };
		D4C6E6C119E227C700A575F5 /* Context.swift */ = {isa = PBXFileReference; fileEncoding = 4; lastKnownFileType = sourcecode.swift; path = Context.swift; sourceTree = "<group>"; };
		D4C6E6C219E227C700A575F5 /* Module.swift */ = {isa = PBXFileReference; fileEncoding = 4; lastKnownFileType = sourcecode.swift; path = Module.swift; sourceTree = "<group>"; };
		D4C6E6C519E2282A00A575F5 /* module.modulemap */ = {isa = PBXFileReference; lastKnownFileType = "sourcecode.module-map"; name = module.modulemap; path = External/llvm/module.modulemap; sourceTree = SOURCE_ROOT; };
		D4C6E6C619E22C5E00A575F5 /* Type.swift */ = {isa = PBXFileReference; fileEncoding = 4; lastKnownFileType = sourcecode.swift; path = Type.swift; sourceTree = "<group>"; };
		D4E572C519E1AD4D00158018 /* Auspicion.framework */ = {isa = PBXFileReference; explicitFileType = wrapper.framework; includeInIndex = 0; path = Auspicion.framework; sourceTree = BUILT_PRODUCTS_DIR; };
		D4E572C919E1AD4D00158018 /* Info.plist */ = {isa = PBXFileReference; lastKnownFileType = text.plist.xml; path = Info.plist; sourceTree = "<group>"; };
		D4E572CA19E1AD4D00158018 /* Auspicion.h */ = {isa = PBXFileReference; lastKnownFileType = sourcecode.c.h; path = Auspicion.h; sourceTree = "<group>"; };
		D4E572D019E1AD4D00158018 /* AuspicionTests.xctest */ = {isa = PBXFileReference; explicitFileType = wrapper.cfbundle; includeInIndex = 0; path = AuspicionTests.xctest; sourceTree = BUILT_PRODUCTS_DIR; };
		D4E572D619E1AD4D00158018 /* Info.plist */ = {isa = PBXFileReference; lastKnownFileType = text.plist.xml; path = Info.plist; sourceTree = "<group>"; };
		D4E572D719E1AD4D00158018 /* AuspicionTests.swift */ = {isa = PBXFileReference; lastKnownFileType = sourcecode.swift; path = AuspicionTests.swift; sourceTree = "<group>"; };
		D4E572EF19E1BF7F00158018 /* libLLVM-3.5.dylib */ = {isa = PBXFileReference; lastKnownFileType = "compiled.mach-o.dylib"; path = "libLLVM-3.5.dylib"; sourceTree = "<group>"; };
		D4E5730719E1D54700158018 /* module.modulemap */ = {isa = PBXFileReference; fileEncoding = 4; lastKnownFileType = "sourcecode.module-map"; path = module.modulemap; sourceTree = "<group>"; };
/* End PBXFileReference section */

/* Begin PBXFrameworksBuildPhase section */
		D4E572C119E1AD4D00158018 /* Frameworks */ = {
			isa = PBXFrameworksBuildPhase;
			buildActionMask = 2147483647;
			files = (
				D4E572F019E1BF7F00158018 /* libLLVM-3.5.dylib in Frameworks */,
			);
			runOnlyForDeploymentPostprocessing = 0;
		};
		D4E572CD19E1AD4D00158018 /* Frameworks */ = {
			isa = PBXFrameworksBuildPhase;
			buildActionMask = 2147483647;
			files = (
				D4E572D119E1AD4D00158018 /* Auspicion.framework in Frameworks */,
			);
			runOnlyForDeploymentPostprocessing = 0;
		};
/* End PBXFrameworksBuildPhase section */

/* Begin PBXGroup section */
		D4E572BB19E1AD4D00158018 = {
			isa = PBXGroup;
			children = (
				D4E572C719E1AD4D00158018 /* Auspicion */,
				D4E572D419E1AD4D00158018 /* AuspicionTests */,
				D4E572E119E1BD9900158018 /* External */,
				D4E572C619E1AD4D00158018 /* Products */,
			);
			sourceTree = "<group>";
		};
		D4E572C619E1AD4D00158018 /* Products */ = {
			isa = PBXGroup;
			children = (
				D4E572C519E1AD4D00158018 /* Auspicion.framework */,
				D4E572D019E1AD4D00158018 /* AuspicionTests.xctest */,
			);
			name = Products;
			sourceTree = "<group>";
		};
		D4E572C719E1AD4D00158018 /* Auspicion */ = {
			isa = PBXGroup;
			children = (
				D4E572CA19E1AD4D00158018 /* Auspicion.h */,
				D4C6E6C119E227C700A575F5 /* Context.swift */,
				D4C6E6C219E227C700A575F5 /* Module.swift */,
				D4C6E6C619E22C5E00A575F5 /* Type.swift */,
				D4886ECD1BE57F1500AFAC9E /* Constant.swift */,
				D4886ECB1BE5794400AFAC9E /* LLVM.swift */,
				D4E572C819E1AD4D00158018 /* Supporting Files */,
			);
			path = Auspicion;
			sourceTree = "<group>";
		};
		D4E572C819E1AD4D00158018 /* Supporting Files */ = {
			isa = PBXGroup;
			children = (
				D4C6E6C519E2282A00A575F5 /* module.modulemap */,
				D4E572C919E1AD4D00158018 /* Info.plist */,
			);
			name = "Supporting Files";
			sourceTree = "<group>";
		};
		D4E572D419E1AD4D00158018 /* AuspicionTests */ = {
			isa = PBXGroup;
			children = (
				D4E572D719E1AD4D00158018 /* AuspicionTests.swift */,
				D4E572D519E1AD4D00158018 /* Supporting Files */,
			);
			path = AuspicionTests;
			sourceTree = "<group>";
		};
		D4E572D519E1AD4D00158018 /* Supporting Files */ = {
			isa = PBXGroup;
			children = (
				D4E572D619E1AD4D00158018 /* Info.plist */,
			);
			name = "Supporting Files";
			sourceTree = "<group>";
		};
		D4E572E119E1BD9900158018 /* External */ = {
			isa = PBXGroup;
			children = (
				D4E572E219E1BDA100158018 /* llvm */,
			);
			path = External;
			sourceTree = "<group>";
		};
		D4E572E219E1BDA100158018 /* llvm */ = {
			isa = PBXGroup;
			children = (
				D4E5730719E1D54700158018 /* module.modulemap */,
				D4E572EF19E1BF7F00158018 /* libLLVM-3.5.dylib */,
			);
			path = llvm;
			sourceTree = "<group>";
		};
/* End PBXGroup section */

/* Begin PBXHeadersBuildPhase section */
		D4E572C219E1AD4D00158018 /* Headers */ = {
			isa = PBXHeadersBuildPhase;
			buildActionMask = 2147483647;
			files = (
				D4E572CB19E1AD4D00158018 /* Auspicion.h in Headers */,
			);
			runOnlyForDeploymentPostprocessing = 0;
		};
/* End PBXHeadersBuildPhase section */

/* Begin PBXNativeTarget section */
		D4E572C419E1AD4D00158018 /* Auspicion */ = {
			isa = PBXNativeTarget;
			buildConfigurationList = D4E572DB19E1AD4D00158018 /* Build configuration list for PBXNativeTarget "Auspicion" */;
			buildPhases = (
				D4E572C019E1AD4D00158018 /* Sources */,
				D4E572C119E1AD4D00158018 /* Frameworks */,
				D4E572C219E1AD4D00158018 /* Headers */,
				D4E572C319E1AD4D00158018 /* Resources */,
				D4E572F119E1C00800158018 /* Copy Libraries */,
			);
			buildRules = (
			);
			dependencies = (
			);
			name = Auspicion;
			productName = Auspicion;
			productReference = D4E572C519E1AD4D00158018 /* Auspicion.framework */;
			productType = "com.apple.product-type.framework";
		};
		D4E572CF19E1AD4D00158018 /* AuspicionTests */ = {
			isa = PBXNativeTarget;
			buildConfigurationList = D4E572DE19E1AD4D00158018 /* Build configuration list for PBXNativeTarget "AuspicionTests" */;
			buildPhases = (
				D4E572CC19E1AD4D00158018 /* Sources */,
				D4E572CD19E1AD4D00158018 /* Frameworks */,
				D4E572CE19E1AD4D00158018 /* Resources */,
			);
			buildRules = (
			);
			dependencies = (
				D4E572D319E1AD4D00158018 /* PBXTargetDependency */,
			);
			name = AuspicionTests;
			productName = AuspicionTests;
			productReference = D4E572D019E1AD4D00158018 /* AuspicionTests.xctest */;
			productType = "com.apple.product-type.bundle.unit-test";
		};
/* End PBXNativeTarget section */

/* Begin PBXProject section */
		D4E572BC19E1AD4D00158018 /* Project object */ = {
			isa = PBXProject;
			attributes = {
				LastSwiftUpdateCheck = 0710;
				LastUpgradeCheck = 0710;
				ORGANIZATIONNAME = "Rob Rix";
				TargetAttributes = {
					D4E572C419E1AD4D00158018 = {
						CreatedOnToolsVersion = 6.1;
					};
					D4E572CF19E1AD4D00158018 = {
						CreatedOnToolsVersion = 6.1;
					};
				};
			};
			buildConfigurationList = D4E572BF19E1AD4D00158018 /* Build configuration list for PBXProject "Auspicion" */;
			compatibilityVersion = "Xcode 3.2";
			developmentRegion = English;
			hasScannedForEncodings = 0;
			knownRegions = (
				en,
			);
			mainGroup = D4E572BB19E1AD4D00158018;
			productRefGroup = D4E572C619E1AD4D00158018 /* Products */;
			projectDirPath = "";
			projectRoot = "";
			targets = (
				D4E572C419E1AD4D00158018 /* Auspicion */,
				D4E572CF19E1AD4D00158018 /* AuspicionTests */,
			);
		};
/* End PBXProject section */

/* Begin PBXResourcesBuildPhase section */
		D4E572C319E1AD4D00158018 /* Resources */ = {
			isa = PBXResourcesBuildPhase;
			buildActionMask = 2147483647;
			files = (
			);
			runOnlyForDeploymentPostprocessing = 0;
		};
		D4E572CE19E1AD4D00158018 /* Resources */ = {
			isa = PBXResourcesBuildPhase;
			buildActionMask = 2147483647;
			files = (
			);
			runOnlyForDeploymentPostprocessing = 0;
		};
/* End PBXResourcesBuildPhase section */

/* Begin PBXSourcesBuildPhase section */
		D4E572C019E1AD4D00158018 /* Sources */ = {
			isa = PBXSourcesBuildPhase;
			buildActionMask = 2147483647;
			files = (
				D4886ECC1BE5794400AFAC9E /* LLVM.swift in Sources */,
				D4C6E6C319E227C700A575F5 /* Context.swift in Sources */,
				D4886ECE1BE57F1500AFAC9E /* Constant.swift in Sources */,
				D4C6E6C419E227C700A575F5 /* Module.swift in Sources */,
				D4C6E6C719E22C5E00A575F5 /* Type.swift in Sources */,
			);
			runOnlyForDeploymentPostprocessing = 0;
		};
		D4E572CC19E1AD4D00158018 /* Sources */ = {
			isa = PBXSourcesBuildPhase;
			buildActionMask = 2147483647;
			files = (
				D4E572D819E1AD4D00158018 /* AuspicionTests.swift in Sources */,
			);
			runOnlyForDeploymentPostprocessing = 0;
		};
/* End PBXSourcesBuildPhase section */

/* Begin PBXTargetDependency section */
		D4E572D319E1AD4D00158018 /* PBXTargetDependency */ = {
			isa = PBXTargetDependency;
			target = D4E572C419E1AD4D00158018 /* Auspicion */;
			targetProxy = D4E572D219E1AD4D00158018 /* PBXContainerItemProxy */;
		};
/* End PBXTargetDependency section */

/* Begin XCBuildConfiguration section */
		D4E572D919E1AD4D00158018 /* Debug */ = {
			isa = XCBuildConfiguration;
			buildSettings = {
				ALWAYS_SEARCH_USER_PATHS = NO;
				CLANG_CXX_LANGUAGE_STANDARD = "gnu++0x";
				CLANG_CXX_LIBRARY = "libc++";
				CLANG_ENABLE_MODULES = YES;
				CLANG_ENABLE_OBJC_ARC = YES;
				CLANG_WARN_BOOL_CONVERSION = YES;
				CLANG_WARN_CONSTANT_CONVERSION = YES;
				CLANG_WARN_DIRECT_OBJC_ISA_USAGE = YES_ERROR;
				CLANG_WARN_EMPTY_BODY = YES;
				CLANG_WARN_ENUM_CONVERSION = YES;
				CLANG_WARN_INT_CONVERSION = YES;
				CLANG_WARN_OBJC_ROOT_CLASS = YES_ERROR;
				CLANG_WARN_UNREACHABLE_CODE = YES;
				CLANG_WARN__DUPLICATE_METHOD_MATCH = YES;
				COPY_PHASE_STRIP = NO;
				CURRENT_PROJECT_VERSION = 1;
				ENABLE_STRICT_OBJC_MSGSEND = YES;
				ENABLE_TESTABILITY = YES;
				GCC_C_LANGUAGE_STANDARD = gnu99;
				GCC_DYNAMIC_NO_PIC = NO;
				GCC_OPTIMIZATION_LEVEL = 0;
				GCC_PREPROCESSOR_DEFINITIONS = (
					"DEBUG=1",
					"$(inherited)",
				);
				GCC_SYMBOLS_PRIVATE_EXTERN = NO;
				GCC_WARN_64_TO_32_BIT_CONVERSION = YES;
				GCC_WARN_ABOUT_RETURN_TYPE = YES_ERROR;
				GCC_WARN_UNDECLARED_SELECTOR = YES;
				GCC_WARN_UNINITIALIZED_AUTOS = YES_AGGRESSIVE;
				GCC_WARN_UNUSED_FUNCTION = YES;
				GCC_WARN_UNUSED_VARIABLE = YES;
				MACOSX_DEPLOYMENT_TARGET = 10.10;
				ONLY_ACTIVE_ARCH = YES;
				SDKROOT = macosx;
				SWIFT_OPTIMIZATION_LEVEL = "-Onone";
				VERSIONING_SYSTEM = "apple-generic";
				VERSION_INFO_PREFIX = "";
			};
			name = Debug;
		};
		D4E572DA19E1AD4D00158018 /* Release */ = {
			isa = XCBuildConfiguration;
			buildSettings = {
				ALWAYS_SEARCH_USER_PATHS = NO;
				CLANG_CXX_LANGUAGE_STANDARD = "gnu++0x";
				CLANG_CXX_LIBRARY = "libc++";
				CLANG_ENABLE_MODULES = YES;
				CLANG_ENABLE_OBJC_ARC = YES;
				CLANG_WARN_BOOL_CONVERSION = YES;
				CLANG_WARN_CONSTANT_CONVERSION = YES;
				CLANG_WARN_DIRECT_OBJC_ISA_USAGE = YES_ERROR;
				CLANG_WARN_EMPTY_BODY = YES;
				CLANG_WARN_ENUM_CONVERSION = YES;
				CLANG_WARN_INT_CONVERSION = YES;
				CLANG_WARN_OBJC_ROOT_CLASS = YES_ERROR;
				CLANG_WARN_UNREACHABLE_CODE = YES;
				CLANG_WARN__DUPLICATE_METHOD_MATCH = YES;
				COPY_PHASE_STRIP = YES;
				CURRENT_PROJECT_VERSION = 1;
				DEBUG_INFORMATION_FORMAT = "dwarf-with-dsym";
				ENABLE_NS_ASSERTIONS = NO;
				ENABLE_STRICT_OBJC_MSGSEND = YES;
				GCC_C_LANGUAGE_STANDARD = gnu99;
				GCC_WARN_64_TO_32_BIT_CONVERSION = YES;
				GCC_WARN_ABOUT_RETURN_TYPE = YES_ERROR;
				GCC_WARN_UNDECLARED_SELECTOR = YES;
				GCC_WARN_UNINITIALIZED_AUTOS = YES_AGGRESSIVE;
				GCC_WARN_UNUSED_FUNCTION = YES;
				GCC_WARN_UNUSED_VARIABLE = YES;
				MACOSX_DEPLOYMENT_TARGET = 10.10;
				SDKROOT = macosx;
				VERSIONING_SYSTEM = "apple-generic";
				VERSION_INFO_PREFIX = "";
			};
			name = Release;
		};
		D4E572DC19E1AD4D00158018 /* Debug */ = {
			isa = XCBuildConfiguration;
			buildSettings = {
				CLANG_ENABLE_MODULES = YES;
				COMBINE_HIDPI_IMAGES = YES;
				DEFINES_MODULE = YES;
				DYLIB_COMPATIBILITY_VERSION = 1;
				DYLIB_CURRENT_VERSION = 1;
				DYLIB_INSTALL_NAME_BASE = "@rpath";
				FRAMEWORK_VERSION = A;
				HEADER_SEARCH_PATHS = (
					"$(inherited)",
					"\"$(SRCROOT)/External/llvm\"",
				);
				INFOPLIST_FILE = Auspicion/Info.plist;
				INSTALL_PATH = "@rpath";
				LD_RUNPATH_SEARCH_PATHS = "$(inherited) @executable_path/../Frameworks @loader_path/Frameworks";
				LIBRARY_SEARCH_PATHS = (
					"$(inherited)",
					/usr/local/Cellar/llvm/3.5.0/lib,
					"$(PROJECT_DIR)/External/llvm",
				);
				PRODUCT_BUNDLE_IDENTIFIER = "com.antitypical.$(PRODUCT_NAME:rfc1034identifier)";
				PRODUCT_NAME = "$(TARGET_NAME)";
				SKIP_INSTALL = YES;
				SWIFT_INCLUDE_PATHS = "$(inherited) \"$(SRCROOT)/External/\"";
				SWIFT_OPTIMIZATION_LEVEL = "-Onone";
			};
			name = Debug;
		};
		D4E572DD19E1AD4D00158018 /* Release */ = {
			isa = XCBuildConfiguration;
			buildSettings = {
				CLANG_ENABLE_MODULES = YES;
				COMBINE_HIDPI_IMAGES = YES;
				DEFINES_MODULE = YES;
				DYLIB_COMPATIBILITY_VERSION = 1;
				DYLIB_CURRENT_VERSION = 1;
				DYLIB_INSTALL_NAME_BASE = "@rpath";
				FRAMEWORK_VERSION = A;
				HEADER_SEARCH_PATHS = (
					"$(inherited)",
					"\"$(SRCROOT)/External/llvm\"",
				);
				INFOPLIST_FILE = Auspicion/Info.plist;
				INSTALL_PATH = "@rpath";
				LD_RUNPATH_SEARCH_PATHS = "$(inherited) @executable_path/../Frameworks @loader_path/Frameworks";
				LIBRARY_SEARCH_PATHS = (
					"$(inherited)",
					/usr/local/Cellar/llvm/3.5.0/lib,
					"$(PROJECT_DIR)/External/llvm",
				);
				PRODUCT_BUNDLE_IDENTIFIER = "com.antitypical.$(PRODUCT_NAME:rfc1034identifier)";
				PRODUCT_NAME = "$(TARGET_NAME)";
				SKIP_INSTALL = YES;
				SWIFT_INCLUDE_PATHS = "$(inherited) \"$(SRCROOT)/External/\"";
			};
			name = Release;
		};
		D4E572DF19E1AD4D00158018 /* Debug */ = {
			isa = XCBuildConfiguration;
			buildSettings = {
				COMBINE_HIDPI_IMAGES = YES;
				FRAMEWORK_SEARCH_PATHS = (
					"$(DEVELOPER_FRAMEWORKS_DIR)",
					"$(inherited)",
				);
				GCC_PREPROCESSOR_DEFINITIONS = (
					"DEBUG=1",
					"$(inherited)",
				);
				HEADER_SEARCH_PATHS = (
					"$(inherited)",
					"\"$(SRCROOT)/External/llvm\"",
				);
				INFOPLIST_FILE = AuspicionTests/Info.plist;
				LD_RUNPATH_SEARCH_PATHS = "$(inherited) @executable_path/../Frameworks @loader_path/../Frameworks";
				PRODUCT_BUNDLE_IDENTIFIER = "com.antitypical.$(PRODUCT_NAME:rfc1034identifier)";
				PRODUCT_NAME = "$(TARGET_NAME)";
				SWIFT_INCLUDE_PATHS = "\"$(SRCROOT)/External/llvm\"";
			};
			name = Debug;
		};
		D4E572E019E1AD4D00158018 /* Release */ = {
			isa = XCBuildConfiguration;
			buildSettings = {
				COMBINE_HIDPI_IMAGES = YES;
				FRAMEWORK_SEARCH_PATHS = (
					"$(DEVELOPER_FRAMEWORKS_DIR)",
					"$(inherited)",
				);
				HEADER_SEARCH_PATHS = (
					"$(inherited)",
					"\"$(SRCROOT)/External/llvm\"",
				);
				INFOPLIST_FILE = AuspicionTests/Info.plist;
				LD_RUNPATH_SEARCH_PATHS = "$(inherited) @executable_path/../Frameworks @loader_path/../Frameworks";
				PRODUCT_BUNDLE_IDENTIFIER = "com.antitypical.$(PRODUCT_NAME:rfc1034identifier)";
				PRODUCT_NAME = "$(TARGET_NAME)";
				SWIFT_INCLUDE_PATHS = "\"$(SRCROOT)/External/llvm\"";
			};
			name = Release;
		};
/* End XCBuildConfiguration section */

/* Begin XCConfigurationList section */
		D4E572BF19E1AD4D00158018 /* Build configuration list for PBXProject "Auspicion" */ = {
			isa = XCConfigurationList;
			buildConfigurations = (
				D4E572D919E1AD4D00158018 /* Debug */,
				D4E572DA19E1AD4D00158018 /* Release */,
			);
			defaultConfigurationIsVisible = 0;
			defaultConfigurationName = Release;
		};
		D4E572DB19E1AD4D00158018 /* Build configuration list for PBXNativeTarget "Auspicion" */ = {
			isa = XCConfigurationList;
			buildConfigurations = (
				D4E572DC19E1AD4D00158018 /* Debug */,
				D4E572DD19E1AD4D00158018 /* Release */,
			);
			defaultConfigurationIsVisible = 0;
			defaultConfigurationName = Release;
		};
		D4E572DE19E1AD4D00158018 /* Build configuration list for PBXNativeTarget "AuspicionTests" */ = {
			isa = XCConfigurationList;
			buildConfigurations = (
				D4E572DF19E1AD4D00158018 /* Debug */,
				D4E572E019E1AD4D00158018 /* Release */,
			);
			defaultConfigurationIsVisible = 0;
			defaultConfigurationName = Release;
		};
/* End XCConfigurationList section */
	};
	rootObject = D4E572BC19E1AD4D00158018 /* Project object */;
}
