// !$*UTF8*$!
{
	archiveVersion = 1;
	classes = {
	};
	objectVersion = 45;
	objects = {

/* Begin PBXBuildFile section */
		D405880210EA0CE100A9E853 /* Foundation.framework in Frameworks */ = {isa = PBXBuildFile; fileRef = 0867D69BFE84028FC02AAC07 /* Foundation.framework */; };
		D405880810EA0CF000A9E853 /* LLVMConcreteContext.h in Headers */ = {isa = PBXBuildFile; fileRef = D405880410EA0CF000A9E853 /* LLVMConcreteContext.h */; };
		D405880910EA0CF000A9E853 /* LLVMConcreteContext.m in Sources */ = {isa = PBXBuildFile; fileRef = D405880510EA0CF000A9E853 /* LLVMConcreteContext.m */; };
		D405880A10EA0CF000A9E853 /* LLVMContext.h in Headers */ = {isa = PBXBuildFile; fileRef = D405880610EA0CF000A9E853 /* LLVMContext.h */; };
		D405880B10EA0CF000A9E853 /* LLVMContext.m in Sources */ = {isa = PBXBuildFile; fileRef = D405880710EA0CF000A9E853 /* LLVMContext.m */; };
		D405881A10EA0EB100A9E853 /* LLVMConcreteModule.h in Headers */ = {isa = PBXBuildFile; fileRef = D405881610EA0EB100A9E853 /* LLVMConcreteModule.h */; };
		D405881B10EA0EB100A9E853 /* LLVMConcreteModule.m in Sources */ = {isa = PBXBuildFile; fileRef = D405881710EA0EB100A9E853 /* LLVMConcreteModule.m */; };
		D405881C10EA0EB100A9E853 /* LLVMModule.h in Headers */ = {isa = PBXBuildFile; fileRef = D405881810EA0EB100A9E853 /* LLVMModule.h */; };
		D405881D10EA0EB100A9E853 /* LLVMModule.m in Sources */ = {isa = PBXBuildFile; fileRef = D405881910EA0EB100A9E853 /* LLVMModule.m */; };
		D405883610EA13E900A9E853 /* LLVMConcreteBuilder.h in Headers */ = {isa = PBXBuildFile; fileRef = D405883410EA13E900A9E853 /* LLVMConcreteBuilder.h */; };
		D405883710EA13E900A9E853 /* LLVMConcreteBuilder.m in Sources */ = {isa = PBXBuildFile; fileRef = D405883510EA13E900A9E853 /* LLVMConcreteBuilder.m */; };
		D405883A10EA13EF00A9E853 /* LLVMBuilder.h in Headers */ = {isa = PBXBuildFile; fileRef = D405883810EA13EF00A9E853 /* LLVMBuilder.h */; };
		D405883B10EA13EF00A9E853 /* LLVMBuilder.m in Sources */ = {isa = PBXBuildFile; fileRef = D405883910EA13EF00A9E853 /* LLVMBuilder.m */; };
		D405884610EA14EB00A9E853 /* LLVMConcreteValue.h in Headers */ = {isa = PBXBuildFile; fileRef = D405884410EA14EB00A9E853 /* LLVMConcreteValue.h */; };
		D405884710EA14EB00A9E853 /* LLVMConcreteValue.m in Sources */ = {isa = PBXBuildFile; fileRef = D405884510EA14EB00A9E853 /* LLVMConcreteValue.m */; };
		D405884A10EA14F000A9E853 /* LLVMValue.h in Headers */ = {isa = PBXBuildFile; fileRef = D405884810EA14F000A9E853 /* LLVMValue.h */; };
		D405884B10EA14F000A9E853 /* LLVMValue.m in Sources */ = {isa = PBXBuildFile; fileRef = D405884910EA14F000A9E853 /* LLVMValue.m */; };
		D405886610EA168B00A9E853 /* libLLVMAnalysis.a in Frameworks */ = {isa = PBXBuildFile; fileRef = D405885410EA168B00A9E853 /* libLLVMAnalysis.a */; };
		D405886710EA168C00A9E853 /* libLLVMAsmPrinter.a in Frameworks */ = {isa = PBXBuildFile; fileRef = D405885510EA168B00A9E853 /* libLLVMAsmPrinter.a */; };
		D405886810EA168C00A9E853 /* libLLVMCodeGen.a in Frameworks */ = {isa = PBXBuildFile; fileRef = D405885610EA168B00A9E853 /* libLLVMCodeGen.a */; };
		D405886910EA168C00A9E853 /* libLLVMCore.a in Frameworks */ = {isa = PBXBuildFile; fileRef = D405885710EA168B00A9E853 /* libLLVMCore.a */; };
		D405886A10EA168C00A9E853 /* libLLVMExecutionEngine.a in Frameworks */ = {isa = PBXBuildFile; fileRef = D405885810EA168B00A9E853 /* libLLVMExecutionEngine.a */; };
		D405886B10EA168C00A9E853 /* libLLVMJIT.a in Frameworks */ = {isa = PBXBuildFile; fileRef = D405885910EA168B00A9E853 /* libLLVMJIT.a */; };
		D405886C10EA168C00A9E853 /* libLLVMMC.a in Frameworks */ = {isa = PBXBuildFile; fileRef = D405885A10EA168B00A9E853 /* libLLVMMC.a */; };
		D405886D10EA168C00A9E853 /* libLLVMScalarOpts.a in Frameworks */ = {isa = PBXBuildFile; fileRef = D405885B10EA168B00A9E853 /* libLLVMScalarOpts.a */; };
		D405886E10EA168C00A9E853 /* libLLVMSelectionDAG.a in Frameworks */ = {isa = PBXBuildFile; fileRef = D405885C10EA168B00A9E853 /* libLLVMSelectionDAG.a */; };
		D405886F10EA168C00A9E853 /* libLLVMSupport.a in Frameworks */ = {isa = PBXBuildFile; fileRef = D405885D10EA168B00A9E853 /* libLLVMSupport.a */; };
		D405887010EA168C00A9E853 /* libLLVMSystem.a in Frameworks */ = {isa = PBXBuildFile; fileRef = D405885E10EA168B00A9E853 /* libLLVMSystem.a */; };
		D405887110EA168C00A9E853 /* libLLVMTarget.a in Frameworks */ = {isa = PBXBuildFile; fileRef = D405885F10EA168B00A9E853 /* libLLVMTarget.a */; };
		D405887210EA168C00A9E853 /* libLLVMTransformUtils.a in Frameworks */ = {isa = PBXBuildFile; fileRef = D405886010EA168B00A9E853 /* libLLVMTransformUtils.a */; };
		D405887310EA168C00A9E853 /* libLLVMX86AsmParser.a in Frameworks */ = {isa = PBXBuildFile; fileRef = D405886110EA168B00A9E853 /* libLLVMX86AsmParser.a */; };
		D405887410EA168C00A9E853 /* libLLVMX86AsmPrinter.a in Frameworks */ = {isa = PBXBuildFile; fileRef = D405886210EA168B00A9E853 /* libLLVMX86AsmPrinter.a */; };
		D405887510EA168C00A9E853 /* libLLVMX86CodeGen.a in Frameworks */ = {isa = PBXBuildFile; fileRef = D405886310EA168B00A9E853 /* libLLVMX86CodeGen.a */; };
		D405887610EA168C00A9E853 /* libLLVMX86Disassembler.a in Frameworks */ = {isa = PBXBuildFile; fileRef = D405886410EA168B00A9E853 /* libLLVMX86Disassembler.a */; };
		D405887710EA168C00A9E853 /* libLLVMX86Info.a in Frameworks */ = {isa = PBXBuildFile; fileRef = D405886510EA168B00A9E853 /* libLLVMX86Info.a */; };
/* End PBXBuildFile section */

/* Begin PBXFileReference section */
		0867D69BFE84028FC02AAC07 /* Foundation.framework */ = {isa = PBXFileReference; lastKnownFileType = wrapper.framework; name = Foundation.framework; path = /System/Library/Frameworks/Foundation.framework; sourceTree = "<absolute>"; };
		32DBCF5E0370ADEE00C91783 /* Auspicion.pch */ = {isa = PBXFileReference; fileEncoding = 4; lastKnownFileType = sourcecode.c.h; path = Auspicion.pch; sourceTree = "<group>"; };
		D2AAC07E0554694100DB518D /* libAuspicion.a */ = {isa = PBXFileReference; explicitFileType = archive.ar; includeInIndex = 0; path = libAuspicion.a; sourceTree = BUILT_PRODUCTS_DIR; };
		D405880410EA0CF000A9E853 /* LLVMConcreteContext.h */ = {isa = PBXFileReference; fileEncoding = 4; lastKnownFileType = sourcecode.c.h; name = LLVMConcreteContext.h; path = Classes/LLVMConcreteContext.h; sourceTree = "<group>"; };
		D405880510EA0CF000A9E853 /* LLVMConcreteContext.m */ = {isa = PBXFileReference; fileEncoding = 4; lastKnownFileType = sourcecode.c.objc; name = LLVMConcreteContext.m; path = Classes/LLVMConcreteContext.m; sourceTree = "<group>"; };
		D405880610EA0CF000A9E853 /* LLVMContext.h */ = {isa = PBXFileReference; fileEncoding = 4; lastKnownFileType = sourcecode.c.h; name = LLVMContext.h; path = Classes/LLVMContext.h; sourceTree = "<group>"; };
		D405880710EA0CF000A9E853 /* LLVMContext.m */ = {isa = PBXFileReference; fileEncoding = 4; lastKnownFileType = sourcecode.c.objc; name = LLVMContext.m; path = Classes/LLVMContext.m; sourceTree = "<group>"; };
		D405881610EA0EB100A9E853 /* LLVMConcreteModule.h */ = {isa = PBXFileReference; fileEncoding = 4; lastKnownFileType = sourcecode.c.h; name = LLVMConcreteModule.h; path = Classes/LLVMConcreteModule.h; sourceTree = "<group>"; };
		D405881710EA0EB100A9E853 /* LLVMConcreteModule.m */ = {isa = PBXFileReference; fileEncoding = 4; lastKnownFileType = sourcecode.c.objc; name = LLVMConcreteModule.m; path = Classes/LLVMConcreteModule.m; sourceTree = "<group>"; };
		D405881810EA0EB100A9E853 /* LLVMModule.h */ = {isa = PBXFileReference; fileEncoding = 4; lastKnownFileType = sourcecode.c.h; name = LLVMModule.h; path = Classes/LLVMModule.h; sourceTree = "<group>"; };
		D405881910EA0EB100A9E853 /* LLVMModule.m */ = {isa = PBXFileReference; fileEncoding = 4; lastKnownFileType = sourcecode.c.objc; name = LLVMModule.m; path = Classes/LLVMModule.m; sourceTree = "<group>"; };
		D405883410EA13E900A9E853 /* LLVMConcreteBuilder.h */ = {isa = PBXFileReference; fileEncoding = 4; lastKnownFileType = sourcecode.c.h; name = LLVMConcreteBuilder.h; path = Classes/LLVMConcreteBuilder.h; sourceTree = "<group>"; };
		D405883510EA13E900A9E853 /* LLVMConcreteBuilder.m */ = {isa = PBXFileReference; fileEncoding = 4; lastKnownFileType = sourcecode.c.objc; name = LLVMConcreteBuilder.m; path = Classes/LLVMConcreteBuilder.m; sourceTree = "<group>"; };
		D405883810EA13EF00A9E853 /* LLVMBuilder.h */ = {isa = PBXFileReference; fileEncoding = 4; lastKnownFileType = sourcecode.c.h; name = LLVMBuilder.h; path = Classes/LLVMBuilder.h; sourceTree = "<group>"; };
		D405883910EA13EF00A9E853 /* LLVMBuilder.m */ = {isa = PBXFileReference; fileEncoding = 4; lastKnownFileType = sourcecode.c.objc; name = LLVMBuilder.m; path = Classes/LLVMBuilder.m; sourceTree = "<group>"; };
		D405884410EA14EB00A9E853 /* LLVMConcreteValue.h */ = {isa = PBXFileReference; fileEncoding = 4; lastKnownFileType = sourcecode.c.h; name = LLVMConcreteValue.h; path = Classes/LLVMConcreteValue.h; sourceTree = "<group>"; };
		D405884510EA14EB00A9E853 /* LLVMConcreteValue.m */ = {isa = PBXFileReference; fileEncoding = 4; lastKnownFileType = sourcecode.c.objc; name = LLVMConcreteValue.m; path = Classes/LLVMConcreteValue.m; sourceTree = "<group>"; };
		D405884810EA14F000A9E853 /* LLVMValue.h */ = {isa = PBXFileReference; fileEncoding = 4; lastKnownFileType = sourcecode.c.h; name = LLVMValue.h; path = Classes/LLVMValue.h; sourceTree = "<group>"; };
		D405884910EA14F000A9E853 /* LLVMValue.m */ = {isa = PBXFileReference; fileEncoding = 4; lastKnownFileType = sourcecode.c.objc; name = LLVMValue.m; path = Classes/LLVMValue.m; sourceTree = "<group>"; };
		D405885410EA168B00A9E853 /* libLLVMAnalysis.a */ = {isa = PBXFileReference; lastKnownFileType = archive.ar; name = libLLVMAnalysis.a; path = External/LLVM/Libraries/libLLVMAnalysis.a; sourceTree = "<group>"; };
		D405885510EA168B00A9E853 /* libLLVMAsmPrinter.a */ = {isa = PBXFileReference; lastKnownFileType = archive.ar; name = libLLVMAsmPrinter.a; path = External/LLVM/Libraries/libLLVMAsmPrinter.a; sourceTree = "<group>"; };
		D405885610EA168B00A9E853 /* libLLVMCodeGen.a */ = {isa = PBXFileReference; lastKnownFileType = archive.ar; name = libLLVMCodeGen.a; path = External/LLVM/Libraries/libLLVMCodeGen.a; sourceTree = "<group>"; };
		D405885710EA168B00A9E853 /* libLLVMCore.a */ = {isa = PBXFileReference; lastKnownFileType = archive.ar; name = libLLVMCore.a; path = External/LLVM/Libraries/libLLVMCore.a; sourceTree = "<group>"; };
		D405885810EA168B00A9E853 /* libLLVMExecutionEngine.a */ = {isa = PBXFileReference; lastKnownFileType = archive.ar; name = libLLVMExecutionEngine.a; path = External/LLVM/Libraries/libLLVMExecutionEngine.a; sourceTree = "<group>"; };
		D405885910EA168B00A9E853 /* libLLVMJIT.a */ = {isa = PBXFileReference; lastKnownFileType = archive.ar; name = libLLVMJIT.a; path = External/LLVM/Libraries/libLLVMJIT.a; sourceTree = "<group>"; };
		D405885A10EA168B00A9E853 /* libLLVMMC.a */ = {isa = PBXFileReference; lastKnownFileType = archive.ar; name = libLLVMMC.a; path = External/LLVM/Libraries/libLLVMMC.a; sourceTree = "<group>"; };
		D405885B10EA168B00A9E853 /* libLLVMScalarOpts.a */ = {isa = PBXFileReference; lastKnownFileType = archive.ar; name = libLLVMScalarOpts.a; path = External/LLVM/Libraries/libLLVMScalarOpts.a; sourceTree = "<group>"; };
		D405885C10EA168B00A9E853 /* libLLVMSelectionDAG.a */ = {isa = PBXFileReference; lastKnownFileType = archive.ar; name = libLLVMSelectionDAG.a; path = External/LLVM/Libraries/libLLVMSelectionDAG.a; sourceTree = "<group>"; };
		D405885D10EA168B00A9E853 /* libLLVMSupport.a */ = {isa = PBXFileReference; lastKnownFileType = archive.ar; name = libLLVMSupport.a; path = External/LLVM/Libraries/libLLVMSupport.a; sourceTree = "<group>"; };
		D405885E10EA168B00A9E853 /* libLLVMSystem.a */ = {isa = PBXFileReference; lastKnownFileType = archive.ar; name = libLLVMSystem.a; path = External/LLVM/Libraries/libLLVMSystem.a; sourceTree = "<group>"; };
		D405885F10EA168B00A9E853 /* libLLVMTarget.a */ = {isa = PBXFileReference; lastKnownFileType = archive.ar; name = libLLVMTarget.a; path = External/LLVM/Libraries/libLLVMTarget.a; sourceTree = "<group>"; };
		D405886010EA168B00A9E853 /* libLLVMTransformUtils.a */ = {isa = PBXFileReference; lastKnownFileType = archive.ar; name = libLLVMTransformUtils.a; path = External/LLVM/Libraries/libLLVMTransformUtils.a; sourceTree = "<group>"; };
		D405886110EA168B00A9E853 /* libLLVMX86AsmParser.a */ = {isa = PBXFileReference; lastKnownFileType = archive.ar; name = libLLVMX86AsmParser.a; path = External/LLVM/Libraries/libLLVMX86AsmParser.a; sourceTree = "<group>"; };
		D405886210EA168B00A9E853 /* libLLVMX86AsmPrinter.a */ = {isa = PBXFileReference; lastKnownFileType = archive.ar; name = libLLVMX86AsmPrinter.a; path = External/LLVM/Libraries/libLLVMX86AsmPrinter.a; sourceTree = "<group>"; };
		D405886310EA168B00A9E853 /* libLLVMX86CodeGen.a */ = {isa = PBXFileReference; lastKnownFileType = archive.ar; name = libLLVMX86CodeGen.a; path = External/LLVM/Libraries/libLLVMX86CodeGen.a; sourceTree = "<group>"; };
		D405886410EA168B00A9E853 /* libLLVMX86Disassembler.a */ = {isa = PBXFileReference; lastKnownFileType = archive.ar; name = libLLVMX86Disassembler.a; path = External/LLVM/Libraries/libLLVMX86Disassembler.a; sourceTree = "<group>"; };
		D405886510EA168B00A9E853 /* libLLVMX86Info.a */ = {isa = PBXFileReference; lastKnownFileType = archive.ar; name = libLLVMX86Info.a; path = External/LLVM/Libraries/libLLVMX86Info.a; sourceTree = "<group>"; };
/* End PBXFileReference section */

/* Begin PBXFrameworksBuildPhase section */
		D2AAC07C0554694100DB518D /* Frameworks */ = {
			isa = PBXFrameworksBuildPhase;
			buildActionMask = 2147483647;
			files = (
				D405880210EA0CE100A9E853 /* Foundation.framework in Frameworks */,
				D405886610EA168B00A9E853 /* libLLVMAnalysis.a in Frameworks */,
				D405886710EA168C00A9E853 /* libLLVMAsmPrinter.a in Frameworks */,
				D405886810EA168C00A9E853 /* libLLVMCodeGen.a in Frameworks */,
				D405886910EA168C00A9E853 /* libLLVMCore.a in Frameworks */,
				D405886A10EA168C00A9E853 /* libLLVMExecutionEngine.a in Frameworks */,
				D405886B10EA168C00A9E853 /* libLLVMJIT.a in Frameworks */,
				D405886C10EA168C00A9E853 /* libLLVMMC.a in Frameworks */,
				D405886D10EA168C00A9E853 /* libLLVMScalarOpts.a in Frameworks */,
				D405886E10EA168C00A9E853 /* libLLVMSelectionDAG.a in Frameworks */,
				D405886F10EA168C00A9E853 /* libLLVMSupport.a in Frameworks */,
				D405887010EA168C00A9E853 /* libLLVMSystem.a in Frameworks */,
				D405887110EA168C00A9E853 /* libLLVMTarget.a in Frameworks */,
				D405887210EA168C00A9E853 /* libLLVMTransformUtils.a in Frameworks */,
				D405887310EA168C00A9E853 /* libLLVMX86AsmParser.a in Frameworks */,
				D405887410EA168C00A9E853 /* libLLVMX86AsmPrinter.a in Frameworks */,
				D405887510EA168C00A9E853 /* libLLVMX86CodeGen.a in Frameworks */,
				D405887610EA168C00A9E853 /* libLLVMX86Disassembler.a in Frameworks */,
				D405887710EA168C00A9E853 /* libLLVMX86Info.a in Frameworks */,
			);
			runOnlyForDeploymentPostprocessing = 0;
		};
/* End PBXFrameworksBuildPhase section */

/* Begin PBXGroup section */
		034768DFFF38A50411DB9C8B /* Products */ = {
			isa = PBXGroup;
			children = (
				D2AAC07E0554694100DB518D /* libAuspicion.a */,
			);
			name = Products;
			sourceTree = "<group>";
		};
		0867D691FE84028FC02AAC07 /* Auspicion */ = {
			isa = PBXGroup;
			children = (
				08FB77AEFE84172EC02AAC07 /* Classes */,
				32C88DFF0371C24200C91783 /* Other Sources */,
				0867D69AFE84028FC02AAC07 /* Libraries */,
				034768DFFF38A50411DB9C8B /* Products */,
			);
			name = Auspicion;
			sourceTree = "<group>";
		};
		0867D69AFE84028FC02AAC07 /* Libraries */ = {
			isa = PBXGroup;
			children = (
				D405885410EA168B00A9E853 /* libLLVMAnalysis.a */,
				D405885510EA168B00A9E853 /* libLLVMAsmPrinter.a */,
				D405885610EA168B00A9E853 /* libLLVMCodeGen.a */,
				D405885710EA168B00A9E853 /* libLLVMCore.a */,
				D405885810EA168B00A9E853 /* libLLVMExecutionEngine.a */,
				D405885910EA168B00A9E853 /* libLLVMJIT.a */,
				D405885A10EA168B00A9E853 /* libLLVMMC.a */,
				D405885B10EA168B00A9E853 /* libLLVMScalarOpts.a */,
				D405885C10EA168B00A9E853 /* libLLVMSelectionDAG.a */,
				D405885D10EA168B00A9E853 /* libLLVMSupport.a */,
				D405885E10EA168B00A9E853 /* libLLVMSystem.a */,
				D405885F10EA168B00A9E853 /* libLLVMTarget.a */,
				D405886010EA168B00A9E853 /* libLLVMTransformUtils.a */,
				D405886110EA168B00A9E853 /* libLLVMX86AsmParser.a */,
				D405886210EA168B00A9E853 /* libLLVMX86AsmPrinter.a */,
				D405886310EA168B00A9E853 /* libLLVMX86CodeGen.a */,
				D405886410EA168B00A9E853 /* libLLVMX86Disassembler.a */,
				D405886510EA168B00A9E853 /* libLLVMX86Info.a */,
				0867D69BFE84028FC02AAC07 /* Foundation.framework */,
			);
			name = Libraries;
			sourceTree = "<group>";
		};
		08FB77AEFE84172EC02AAC07 /* Classes */ = {
			isa = PBXGroup;
			children = (
				D405883810EA13EF00A9E853 /* LLVMBuilder.h */,
				D405883910EA13EF00A9E853 /* LLVMBuilder.m */,
				D405883410EA13E900A9E853 /* LLVMConcreteBuilder.h */,
				D405883510EA13E900A9E853 /* LLVMConcreteBuilder.m */,
				D405880410EA0CF000A9E853 /* LLVMConcreteContext.h */,
				D405880510EA0CF000A9E853 /* LLVMConcreteContext.m */,
				D405881610EA0EB100A9E853 /* LLVMConcreteModule.h */,
				D405881710EA0EB100A9E853 /* LLVMConcreteModule.m */,
				D405884410EA14EB00A9E853 /* LLVMConcreteValue.h */,
				D405884510EA14EB00A9E853 /* LLVMConcreteValue.m */,
				D405880610EA0CF000A9E853 /* LLVMContext.h */,
				D405880710EA0CF000A9E853 /* LLVMContext.m */,
				D405881810EA0EB100A9E853 /* LLVMModule.h */,
				D405881910EA0EB100A9E853 /* LLVMModule.m */,
				D405884810EA14F000A9E853 /* LLVMValue.h */,
				D405884910EA14F000A9E853 /* LLVMValue.m */,
			);
			name = Classes;
			sourceTree = "<group>";
		};
		32C88DFF0371C24200C91783 /* Other Sources */ = {
			isa = PBXGroup;
			children = (
				32DBCF5E0370ADEE00C91783 /* Auspicion.pch */,
			);
			path = "Other Sources";
			sourceTree = "<group>";
		};
/* End PBXGroup section */

/* Begin PBXHeadersBuildPhase section */
		D2AAC07A0554694100DB518D /* Headers */ = {
			isa = PBXHeadersBuildPhase;
			buildActionMask = 2147483647;
			files = (
				D405880810EA0CF000A9E853 /* LLVMConcreteContext.h in Headers */,
				D405880A10EA0CF000A9E853 /* LLVMContext.h in Headers */,
				D405881A10EA0EB100A9E853 /* LLVMConcreteModule.h in Headers */,
				D405881C10EA0EB100A9E853 /* LLVMModule.h in Headers */,
				D405883610EA13E900A9E853 /* LLVMConcreteBuilder.h in Headers */,
				D405883A10EA13EF00A9E853 /* LLVMBuilder.h in Headers */,
				D405884610EA14EB00A9E853 /* LLVMConcreteValue.h in Headers */,
				D405884A10EA14F000A9E853 /* LLVMValue.h in Headers */,
			);
			runOnlyForDeploymentPostprocessing = 0;
		};
/* End PBXHeadersBuildPhase section */

/* Begin PBXNativeTarget section */
		D2AAC07D0554694100DB518D /* Auspicion */ = {
			isa = PBXNativeTarget;
			buildConfigurationList = 1DEB921E08733DC00010E9CD /* Build configuration list for PBXNativeTarget "Auspicion" */;
			buildPhases = (
				D2AAC07A0554694100DB518D /* Headers */,
				D2AAC07B0554694100DB518D /* Sources */,
				D2AAC07C0554694100DB518D /* Frameworks */,
			);
			buildRules = (
			);
			dependencies = (
			);
			name = Auspicion;
			productName = Auspicion;
			productReference = D2AAC07E0554694100DB518D /* libAuspicion.a */;
			productType = "com.apple.product-type.library.static";
		};
/* End PBXNativeTarget section */

/* Begin PBXProject section */
		0867D690FE84028FC02AAC07 /* Project object */ = {
			isa = PBXProject;
			buildConfigurationList = 1DEB922208733DC00010E9CD /* Build configuration list for PBXProject "Auspicion" */;
			compatibilityVersion = "Xcode 3.1";
			hasScannedForEncodings = 1;
			mainGroup = 0867D691FE84028FC02AAC07 /* Auspicion */;
			productRefGroup = 034768DFFF38A50411DB9C8B /* Products */;
			projectDirPath = "";
			projectRoot = "";
			targets = (
				D2AAC07D0554694100DB518D /* Auspicion */,
			);
		};
/* End PBXProject section */

/* Begin PBXSourcesBuildPhase section */
		D2AAC07B0554694100DB518D /* Sources */ = {
			isa = PBXSourcesBuildPhase;
			buildActionMask = 2147483647;
			files = (
				D405880910EA0CF000A9E853 /* LLVMConcreteContext.m in Sources */,
				D405880B10EA0CF000A9E853 /* LLVMContext.m in Sources */,
				D405881B10EA0EB100A9E853 /* LLVMConcreteModule.m in Sources */,
				D405881D10EA0EB100A9E853 /* LLVMModule.m in Sources */,
				D405883710EA13E900A9E853 /* LLVMConcreteBuilder.m in Sources */,
				D405883B10EA13EF00A9E853 /* LLVMBuilder.m in Sources */,
				D405884710EA14EB00A9E853 /* LLVMConcreteValue.m in Sources */,
				D405884B10EA14F000A9E853 /* LLVMValue.m in Sources */,
			);
			runOnlyForDeploymentPostprocessing = 0;
		};
/* End PBXSourcesBuildPhase section */

/* Begin XCBuildConfiguration section */
		1DEB921F08733DC00010E9CD /* Debug */ = {
			isa = XCBuildConfiguration;
			buildSettings = {
				ARCHS = "$(ARCHS_STANDARD_32_64_BIT)";
				COPY_PHASE_STRIP = NO;
				GCC_DYNAMIC_NO_PIC = NO;
				GCC_ENABLE_FIX_AND_CONTINUE = YES;
				GCC_INCREASE_PRECOMPILED_HEADER_SHARING = YES;
				GCC_MODEL_TUNING = G5;
				GCC_OPTIMIZATION_LEVEL = 0;
				GCC_PRECOMPILE_PREFIX_HEADER = YES;
				GCC_PREFIX_HEADER = "Other Sources/Auspicion.pch";
				HEADER_SEARCH_PATHS = "$(SRCROOT)/External/LLVM/Include/";
				INSTALL_PATH = /usr/local/lib;
				LIBRARY_SEARCH_PATHS = (
					"$(inherited)",
					"\"$(SRCROOT)/External/LLVM/Libraries\"",
				);
				ONLY_ACTIVE_ARCH = YES;
				PRODUCT_NAME = Auspicion;
				SDKROOT = macosx10.5;
			};
			name = Debug;
		};
		1DEB922008733DC00010E9CD /* Release */ = {
			isa = XCBuildConfiguration;
			buildSettings = {
				ARCHS = "$(ARCHS_STANDARD_32_BIT)";
				DEBUG_INFORMATION_FORMAT = "dwarf-with-dsym";
				GCC_INCREASE_PRECOMPILED_HEADER_SHARING = YES;
				GCC_MODEL_TUNING = G5;
				GCC_PRECOMPILE_PREFIX_HEADER = YES;
				GCC_PREFIX_HEADER = "Other Sources/Auspicion.pch";
				HEADER_SEARCH_PATHS = "$(SRCROOT)/External/LLVM/Include/";
				INSTALL_PATH = /usr/local/lib;
				LIBRARY_SEARCH_PATHS = (
					"$(inherited)",
					"\"$(SRCROOT)/External/LLVM/Libraries\"",
				);
				PRODUCT_NAME = Auspicion;
				SDKROOT = macosx10.5;
			};
			name = Release;
		};
		1DEB922308733DC00010E9CD /* Debug */ = {
			isa = XCBuildConfiguration;
			buildSettings = {
				ARCHS = "$(ARCHS_STANDARD_32_64_BIT)";
				GCC_C_LANGUAGE_STANDARD = gnu99;
				GCC_OPTIMIZATION_LEVEL = 0;
				GCC_WARN_ABOUT_RETURN_TYPE = YES;
				GCC_WARN_UNUSED_VARIABLE = YES;
				ONLY_ACTIVE_ARCH = YES;
				PREBINDING = NO;
				SDKROOT = macosx10.6;
			};
			name = Debug;
		};
		1DEB922408733DC00010E9CD /* Release */ = {
			isa = XCBuildConfiguration;
			buildSettings = {
				ARCHS = "$(ARCHS_STANDARD_32_64_BIT)";
				GCC_C_LANGUAGE_STANDARD = gnu99;
				GCC_WARN_ABOUT_RETURN_TYPE = YES;
				GCC_WARN_UNUSED_VARIABLE = YES;
				PREBINDING = NO;
				SDKROOT = macosx10.6;
			};
			name = Release;
		};
/* End XCBuildConfiguration section */

/* Begin XCConfigurationList section */
		1DEB921E08733DC00010E9CD /* Build configuration list for PBXNativeTarget "Auspicion" */ = {
			isa = XCConfigurationList;
			buildConfigurations = (
				1DEB921F08733DC00010E9CD /* Debug */,
				1DEB922008733DC00010E9CD /* Release */,
			);
			defaultConfigurationIsVisible = 0;
			defaultConfigurationName = Release;
		};
		1DEB922208733DC00010E9CD /* Build configuration list for PBXProject "Auspicion" */ = {
			isa = XCConfigurationList;
			buildConfigurations = (
				1DEB922308733DC00010E9CD /* Debug */,
				1DEB922408733DC00010E9CD /* Release */,
			);
			defaultConfigurationIsVisible = 0;
			defaultConfigurationName = Release;
		};
/* End XCConfigurationList section */
	};
	rootObject = 0867D690FE84028FC02AAC07 /* Project object */;
}
