// !$*UTF8*$!
{
	archiveVersion = 1;
	classes = {
	};
	objectVersion = 45;
	objects = {

/* Begin PBXBuildFile section */
		D404EA2510F1E9F6007612E9 /* ARXBlock.h in Headers */ = {isa = PBXBuildFile; fileRef = D404EA2310F1E9F6007612E9 /* ARXBlock.h */; };
		D404EA2610F1E9F6007612E9 /* ARXBlock.m in Sources */ = {isa = PBXBuildFile; fileRef = D404EA2410F1E9F6007612E9 /* ARXBlock.m */; };
		D405880210EA0CE100A9E853 /* Foundation.framework in Frameworks */ = {isa = PBXBuildFile; fileRef = 0867D69BFE84028FC02AAC07 /* Foundation.framework */; };
		D405880A10EA0CF000A9E853 /* ARXContext.h in Headers */ = {isa = PBXBuildFile; fileRef = D405880610EA0CF000A9E853 /* ARXContext.h */; };
		D405880B10EA0CF000A9E853 /* ARXContext.m in Sources */ = {isa = PBXBuildFile; fileRef = D405880710EA0CF000A9E853 /* ARXContext.m */; };
		D405881C10EA0EB100A9E853 /* ARXModule.h in Headers */ = {isa = PBXBuildFile; fileRef = D405881810EA0EB100A9E853 /* ARXModule.h */; };
		D405881D10EA0EB100A9E853 /* ARXModule.m in Sources */ = {isa = PBXBuildFile; fileRef = D405881910EA0EB100A9E853 /* ARXModule.m */; };
		D405883A10EA13EF00A9E853 /* ARXBuilder.h in Headers */ = {isa = PBXBuildFile; fileRef = D405883810EA13EF00A9E853 /* ARXBuilder.h */; };
		D405883B10EA13EF00A9E853 /* ARXBuilder.m in Sources */ = {isa = PBXBuildFile; fileRef = D405883910EA13EF00A9E853 /* ARXBuilder.m */; };
		D405886610EA168B00A9E853 /* libLLVMAnalysis.a in Frameworks */ = {isa = PBXBuildFile; fileRef = D405885410EA168B00A9E853 /* libLLVMAnalysis.a */; };
		D405886710EA168C00A9E853 /* libLLVMAsmPrinter.a in Frameworks */ = {isa = PBXBuildFile; fileRef = D405885510EA168B00A9E853 /* libLLVMAsmPrinter.a */; };
		D405886810EA168C00A9E853 /* libLLVMCodeGen.a in Frameworks */ = {isa = PBXBuildFile; fileRef = D405885610EA168B00A9E853 /* libLLVMCodeGen.a */; };
		D405886910EA168C00A9E853 /* libLLVMCore.a in Frameworks */ = {isa = PBXBuildFile; fileRef = D405885710EA168B00A9E853 /* libLLVMCore.a */; };
		D405886A10EA168C00A9E853 /* libLLVMExecutionEngine.a in Frameworks */ = {isa = PBXBuildFile; fileRef = D405885810EA168B00A9E853 /* libLLVMExecutionEngine.a */; };
		D405886B10EA168C00A9E853 /* libLLVMJIT.a in Frameworks */ = {isa = PBXBuildFile; fileRef = D405885910EA168B00A9E853 /* libLLVMJIT.a */; };
		D405886C10EA168C00A9E853 /* libLLVMMC.a in Frameworks */ = {isa = PBXBuildFile; fileRef = D405885A10EA168B00A9E853 /* libLLVMMC.a */; };
		D405886D10EA168C00A9E853 /* libLLVMScalarOpts.a in Frameworks */ = {isa = PBXBuildFile; fileRef = D405885B10EA168B00A9E853 /* libLLVMScalarOpts.a */; };
		D405886E10EA168C00A9E853 /* libLLVMSelectionDAG.a in Frameworks */ = {isa = PBXBuildFile; fileRef = D405885C10EA168B00A9E853 /* libLLVMSelectionDAG.a */; };
		D405886F10EA168C00A9E853 /* libLLVMSupport.a in Frameworks */ = {isa = PBXBuildFile; fileRef = D405885D10EA168B00A9E853 /* libLLVMSupport.a */; };
		D405887010EA168C00A9E853 /* libLLVMSystem.a in Frameworks */ = {isa = PBXBuildFile; fileRef = D405885E10EA168B00A9E853 /* libLLVMSystem.a */; };
		D405887110EA168C00A9E853 /* libLLVMTarget.a in Frameworks */ = {isa = PBXBuildFile; fileRef = D405885F10EA168B00A9E853 /* libLLVMTarget.a */; };
		D405887210EA168C00A9E853 /* libLLVMTransformUtils.a in Frameworks */ = {isa = PBXBuildFile; fileRef = D405886010EA168B00A9E853 /* libLLVMTransformUtils.a */; };
		D405887310EA168C00A9E853 /* libLLVMX86AsmParser.a in Frameworks */ = {isa = PBXBuildFile; fileRef = D405886110EA168B00A9E853 /* libLLVMX86AsmParser.a */; };
		D405887410EA168C00A9E853 /* libLLVMX86AsmPrinter.a in Frameworks */ = {isa = PBXBuildFile; fileRef = D405886210EA168B00A9E853 /* libLLVMX86AsmPrinter.a */; };
		D405887510EA168C00A9E853 /* libLLVMX86CodeGen.a in Frameworks */ = {isa = PBXBuildFile; fileRef = D405886310EA168B00A9E853 /* libLLVMX86CodeGen.a */; };
		D405887610EA168C00A9E853 /* libLLVMX86Disassembler.a in Frameworks */ = {isa = PBXBuildFile; fileRef = D405886410EA168B00A9E853 /* libLLVMX86Disassembler.a */; };
		D405887710EA168C00A9E853 /* libLLVMX86Info.a in Frameworks */ = {isa = PBXBuildFile; fileRef = D405886510EA168B00A9E853 /* libLLVMX86Info.a */; };
		D415F90C11A9A5210027AAD8 /* libLLVMInstCombine.a in Frameworks */ = {isa = PBXBuildFile; fileRef = D415F90B11A9A5210027AAD8 /* libLLVMInstCombine.a */; };
		D48B255811B364A9007CBBB4 /* ARXFunctionBuilder.h in Headers */ = {isa = PBXBuildFile; fileRef = D48B255611B364A9007CBBB4 /* ARXFunctionBuilder.h */; settings = {ATTRIBUTES = (Public, ); }; };
		D48B255911B364A9007CBBB4 /* ARXFunctionBuilder.m in Sources */ = {isa = PBXBuildFile; fileRef = D48B255711B364A9007CBBB4 /* ARXFunctionBuilder.m */; };
		D4CF5EA811BF98F600C9DD15 /* ARXValue.h in Headers */ = {isa = PBXBuildFile; fileRef = D4CF5EA411BF98F600C9DD15 /* ARXValue.h */; };
		D4CF5EA911BF98F600C9DD15 /* ARXValue.m in Sources */ = {isa = PBXBuildFile; fileRef = D4CF5EA511BF98F600C9DD15 /* ARXValue.m */; };
		D4CF5F1A11BFF0C300C9DD15 /* ARXBooleanValue.h in Headers */ = {isa = PBXBuildFile; fileRef = D4CF5F1611BFF0C300C9DD15 /* ARXBooleanValue.h */; };
		D4CF5F1B11BFF0C300C9DD15 /* ARXBooleanValue.m in Sources */ = {isa = PBXBuildFile; fileRef = D4CF5F1711BFF0C300C9DD15 /* ARXBooleanValue.m */; };
		D4CF5F6C11C13B3D00C9DD15 /* ARXType.h in Headers */ = {isa = PBXBuildFile; fileRef = D4CF5F6811C13B3D00C9DD15 /* ARXType.h */; };
		D4CF5F6D11C13B3D00C9DD15 /* ARXType.m in Sources */ = {isa = PBXBuildFile; fileRef = D4CF5F6911C13B3D00C9DD15 /* ARXType.m */; };
		D4CF5F8B11C1412D00C9DD15 /* ARXType+Protected.h in Headers */ = {isa = PBXBuildFile; fileRef = D4CF5F8A11C1412D00C9DD15 /* ARXType+Protected.h */; };
		D4CF5F8F11C1413900C9DD15 /* ARXStructureType.h in Headers */ = {isa = PBXBuildFile; fileRef = D4CF5F8D11C1413900C9DD15 /* ARXStructureType.h */; };
		D4CF5F9011C1413900C9DD15 /* ARXStructureType.m in Sources */ = {isa = PBXBuildFile; fileRef = D4CF5F8E11C1413900C9DD15 /* ARXStructureType.m */; };
		D4CF600E11C32E8600C9DD15 /* ARXPointerValue.h in Headers */ = {isa = PBXBuildFile; fileRef = D4CF600A11C32E8600C9DD15 /* ARXPointerValue.h */; };
		D4CF600F11C32E8600C9DD15 /* ARXPointerValue.m in Sources */ = {isa = PBXBuildFile; fileRef = D4CF600B11C32E8600C9DD15 /* ARXPointerValue.m */; };
		D4CF601011C32E8600C9DD15 /* ARXStructureValue.h in Headers */ = {isa = PBXBuildFile; fileRef = D4CF600C11C32E8600C9DD15 /* ARXStructureValue.h */; };
		D4CF601111C32E8600C9DD15 /* ARXStructureValue.m in Sources */ = {isa = PBXBuildFile; fileRef = D4CF600D11C32E8600C9DD15 /* ARXStructureValue.m */; };
		D4CF603F11C3302900C9DD15 /* libAuspicion.a in Frameworks */ = {isa = PBXBuildFile; fileRef = D2AAC07E0554694100DB518D /* libAuspicion.a */; };
		D4CF604111C3306E00C9DD15 /* ARXValueTests.m in Sources */ = {isa = PBXBuildFile; fileRef = D4CF604011C3306E00C9DD15 /* ARXValueTests.m */; };
		D4CF609911C331A400C9DD15 /* RXAssertions.m in Sources */ = {isa = PBXBuildFile; fileRef = D4CF607411C331A400C9DD15 /* RXAssertions.m */; };
		D4CF60BE11C3332600C9DD15 /* ARXValue+Protected.h in Headers */ = {isa = PBXBuildFile; fileRef = D4CF60BD11C3332600C9DD15 /* ARXValue+Protected.h */; };
		D4CF60CC11C3394600C9DD15 /* ARXFunction.h in Headers */ = {isa = PBXBuildFile; fileRef = D4CF60C911C3394600C9DD15 /* ARXFunction.h */; };
		D4CF60CD11C3394600C9DD15 /* ARXFunction.m in Sources */ = {isa = PBXBuildFile; fileRef = D4CF60CA11C3394600C9DD15 /* ARXFunction.m */; };
		D4CF60CE11C3394600C9DD15 /* ARXFunction+Protected.h in Headers */ = {isa = PBXBuildFile; fileRef = D4CF60CB11C3394600C9DD15 /* ARXFunction+Protected.h */; };
		D4CF60E911C3456E00C9DD15 /* ARXModule+Protected.h in Headers */ = {isa = PBXBuildFile; fileRef = D4CF60E811C3456E00C9DD15 /* ARXModule+Protected.h */; };
		D4CF60F511C3472300C9DD15 /* ARXBlock+Protected.h in Headers */ = {isa = PBXBuildFile; fileRef = D4CF60F411C3472300C9DD15 /* ARXBlock+Protected.h */; };
		D4CF611411C3481600C9DD15 /* ARXBuilder+Protected.h in Headers */ = {isa = PBXBuildFile; fileRef = D4CF611311C3481600C9DD15 /* ARXBuilder+Protected.h */; };
		D4CF617411C3537600C9DD15 /* NSObject+UniqueFactory.h in Headers */ = {isa = PBXBuildFile; fileRef = D4CF617211C3537600C9DD15 /* NSObject+UniqueFactory.h */; };
		D4CF617511C3537600C9DD15 /* NSObject+UniqueFactory.m in Sources */ = {isa = PBXBuildFile; fileRef = D4CF617311C3537600C9DD15 /* NSObject+UniqueFactory.m */; };
		D4CF61D411C3775600C9DD15 /* ARXModuleTests.m in Sources */ = {isa = PBXBuildFile; fileRef = D4CF61D311C3775600C9DD15 /* ARXModuleTests.m */; };
		D4D74FEC11C39DB9002FF2F1 /* ARXFunctionType.h in Headers */ = {isa = PBXBuildFile; fileRef = D4D74FEA11C39DB9002FF2F1 /* ARXFunctionType.h */; };
		D4D74FED11C39DB9002FF2F1 /* ARXFunctionType.m in Sources */ = {isa = PBXBuildFile; fileRef = D4D74FEB11C39DB9002FF2F1 /* ARXFunctionType.m */; };
		D4D74FFD11C3A056002FF2F1 /* ARXCompiler+Protected.h in Headers */ = {isa = PBXBuildFile; fileRef = D4D74FFC11C3A056002FF2F1 /* ARXCompiler+Protected.h */; };
		D4D74FFF11C3A061002FF2F1 /* ARXContext+Protected.h in Headers */ = {isa = PBXBuildFile; fileRef = D4D74FFE11C3A061002FF2F1 /* ARXContext+Protected.h */; };
		D4D7500111C3A06B002FF2F1 /* ARXOptimizer+Protected.h in Headers */ = {isa = PBXBuildFile; fileRef = D4D7500011C3A06B002FF2F1 /* ARXOptimizer+Protected.h */; };
		D4D7507311C3AE6C002FF2F1 /* ARXPointerType.h in Headers */ = {isa = PBXBuildFile; fileRef = D4D7507111C3AE6C002FF2F1 /* ARXPointerType.h */; };
		D4D7507411C3AE6C002FF2F1 /* ARXPointerType.m in Sources */ = {isa = PBXBuildFile; fileRef = D4D7507211C3AE6C002FF2F1 /* ARXPointerType.m */; };
		D4D9DCDE10EB31DC003EEE90 /* ARXCompiler.h in Headers */ = {isa = PBXBuildFile; fileRef = D4D9DCDA10EB31DC003EEE90 /* ARXCompiler.h */; };
		D4D9DCDF10EB31DC003EEE90 /* ARXCompiler.m in Sources */ = {isa = PBXBuildFile; fileRef = D4D9DCDB10EB31DC003EEE90 /* ARXCompiler.m */; };
		D4D9DE5E10EB5F68003EEE90 /* libAuspicionLLVM.a in Frameworks */ = {isa = PBXBuildFile; fileRef = D4D9DE5510EB5F4F003EEE90 /* libAuspicionLLVM.a */; };
		D4D9DE6610EB5FBC003EEE90 /* AuspicionLLVM.cpp in Sources */ = {isa = PBXBuildFile; fileRef = D4D9DE6410EB5FBC003EEE90 /* AuspicionLLVM.cpp */; };
		D4D9DE6710EB5FBC003EEE90 /* AuspicionLLVM.h in Headers */ = {isa = PBXBuildFile; fileRef = D4D9DE6510EB5FBC003EEE90 /* AuspicionLLVM.h */; };
		D4D9DEBE10EB6903003EEE90 /* ARXOptimizer.h in Headers */ = {isa = PBXBuildFile; fileRef = D4D9DEBA10EB6903003EEE90 /* ARXOptimizer.h */; };
		D4D9DEBF10EB6903003EEE90 /* ARXOptimizer.m in Sources */ = {isa = PBXBuildFile; fileRef = D4D9DEBB10EB6903003EEE90 /* ARXOptimizer.m */; };
/* End PBXBuildFile section */

/* Begin PBXContainerItemProxy section */
		D4CF603D11C3301500C9DD15 /* PBXContainerItemProxy */ = {
			isa = PBXContainerItemProxy;
			containerPortal = 0867D690FE84028FC02AAC07 /* Project object */;
			proxyType = 1;
			remoteGlobalIDString = D2AAC07D0554694100DB518D;
			remoteInfo = "Auspicion (Static Library)";
		};
		D4D9DE5A10EB5F62003EEE90 /* PBXContainerItemProxy */ = {
			isa = PBXContainerItemProxy;
			containerPortal = 0867D690FE84028FC02AAC07 /* Project object */;
			proxyType = 1;
			remoteGlobalIDString = D4D9DE5410EB5F4F003EEE90;
			remoteInfo = AuspicionLLVM;
		};
/* End PBXContainerItemProxy section */

/* Begin PBXFileReference section */
		0867D69BFE84028FC02AAC07 /* Foundation.framework */ = {isa = PBXFileReference; lastKnownFileType = wrapper.framework; name = Foundation.framework; path = /System/Library/Frameworks/Foundation.framework; sourceTree = "<absolute>"; };
		32DBCF5E0370ADEE00C91783 /* Auspicion.pch */ = {isa = PBXFileReference; fileEncoding = 4; lastKnownFileType = sourcecode.c.h; path = Auspicion.pch; sourceTree = "<group>"; };
		D2AAC07E0554694100DB518D /* libAuspicion.a */ = {isa = PBXFileReference; explicitFileType = archive.ar; includeInIndex = 0; path = libAuspicion.a; sourceTree = BUILT_PRODUCTS_DIR; };
		D404EA2310F1E9F6007612E9 /* ARXBlock.h */ = {isa = PBXFileReference; fileEncoding = 4; lastKnownFileType = sourcecode.c.h; name = ARXBlock.h; path = Classes/ARXBlock.h; sourceTree = "<group>"; };
		D404EA2410F1E9F6007612E9 /* ARXBlock.m */ = {isa = PBXFileReference; fileEncoding = 4; lastKnownFileType = sourcecode.c.objc; name = ARXBlock.m; path = Classes/ARXBlock.m; sourceTree = "<group>"; };
		D405880610EA0CF000A9E853 /* ARXContext.h */ = {isa = PBXFileReference; fileEncoding = 4; lastKnownFileType = sourcecode.c.h; name = ARXContext.h; path = Classes/ARXContext.h; sourceTree = "<group>"; };
		D405880710EA0CF000A9E853 /* ARXContext.m */ = {isa = PBXFileReference; fileEncoding = 4; lastKnownFileType = sourcecode.c.objc; name = ARXContext.m; path = Classes/ARXContext.m; sourceTree = "<group>"; };
		D405881810EA0EB100A9E853 /* ARXModule.h */ = {isa = PBXFileReference; fileEncoding = 4; lastKnownFileType = sourcecode.c.h; name = ARXModule.h; path = Classes/ARXModule.h; sourceTree = "<group>"; };
		D405881910EA0EB100A9E853 /* ARXModule.m */ = {isa = PBXFileReference; fileEncoding = 4; lastKnownFileType = sourcecode.c.objc; name = ARXModule.m; path = Classes/ARXModule.m; sourceTree = "<group>"; };
		D405883810EA13EF00A9E853 /* ARXBuilder.h */ = {isa = PBXFileReference; fileEncoding = 4; lastKnownFileType = sourcecode.c.h; name = ARXBuilder.h; path = Classes/ARXBuilder.h; sourceTree = "<group>"; };
		D405883910EA13EF00A9E853 /* ARXBuilder.m */ = {isa = PBXFileReference; fileEncoding = 4; lastKnownFileType = sourcecode.c.objc; name = ARXBuilder.m; path = Classes/ARXBuilder.m; sourceTree = "<group>"; };
		D405885410EA168B00A9E853 /* libLLVMAnalysis.a */ = {isa = PBXFileReference; lastKnownFileType = archive.ar; name = libLLVMAnalysis.a; path = External/LLVM/Libraries/libLLVMAnalysis.a; sourceTree = "<group>"; };
		D405885510EA168B00A9E853 /* libLLVMAsmPrinter.a */ = {isa = PBXFileReference; lastKnownFileType = archive.ar; name = libLLVMAsmPrinter.a; path = External/LLVM/Libraries/libLLVMAsmPrinter.a; sourceTree = "<group>"; };
		D405885610EA168B00A9E853 /* libLLVMCodeGen.a */ = {isa = PBXFileReference; lastKnownFileType = archive.ar; name = libLLVMCodeGen.a; path = External/LLVM/Libraries/libLLVMCodeGen.a; sourceTree = "<group>"; };
		D405885710EA168B00A9E853 /* libLLVMCore.a */ = {isa = PBXFileReference; lastKnownFileType = archive.ar; name = libLLVMCore.a; path = External/LLVM/Libraries/libLLVMCore.a; sourceTree = "<group>"; };
		D405885810EA168B00A9E853 /* libLLVMExecutionEngine.a */ = {isa = PBXFileReference; lastKnownFileType = archive.ar; name = libLLVMExecutionEngine.a; path = External/LLVM/Libraries/libLLVMExecutionEngine.a; sourceTree = "<group>"; };
		D405885910EA168B00A9E853 /* libLLVMJIT.a */ = {isa = PBXFileReference; lastKnownFileType = archive.ar; name = libLLVMJIT.a; path = External/LLVM/Libraries/libLLVMJIT.a; sourceTree = "<group>"; };
		D405885A10EA168B00A9E853 /* libLLVMMC.a */ = {isa = PBXFileReference; lastKnownFileType = archive.ar; name = libLLVMMC.a; path = External/LLVM/Libraries/libLLVMMC.a; sourceTree = "<group>"; };
		D405885B10EA168B00A9E853 /* libLLVMScalarOpts.a */ = {isa = PBXFileReference; lastKnownFileType = archive.ar; name = libLLVMScalarOpts.a; path = External/LLVM/Libraries/libLLVMScalarOpts.a; sourceTree = "<group>"; };
		D405885C10EA168B00A9E853 /* libLLVMSelectionDAG.a */ = {isa = PBXFileReference; lastKnownFileType = archive.ar; name = libLLVMSelectionDAG.a; path = External/LLVM/Libraries/libLLVMSelectionDAG.a; sourceTree = "<group>"; };
		D405885D10EA168B00A9E853 /* libLLVMSupport.a */ = {isa = PBXFileReference; lastKnownFileType = archive.ar; name = libLLVMSupport.a; path = External/LLVM/Libraries/libLLVMSupport.a; sourceTree = "<group>"; };
		D405885E10EA168B00A9E853 /* libLLVMSystem.a */ = {isa = PBXFileReference; lastKnownFileType = archive.ar; name = libLLVMSystem.a; path = External/LLVM/Libraries/libLLVMSystem.a; sourceTree = "<group>"; };
		D405885F10EA168B00A9E853 /* libLLVMTarget.a */ = {isa = PBXFileReference; lastKnownFileType = archive.ar; name = libLLVMTarget.a; path = External/LLVM/Libraries/libLLVMTarget.a; sourceTree = "<group>"; };
		D405886010EA168B00A9E853 /* libLLVMTransformUtils.a */ = {isa = PBXFileReference; lastKnownFileType = archive.ar; name = libLLVMTransformUtils.a; path = External/LLVM/Libraries/libLLVMTransformUtils.a; sourceTree = "<group>"; };
		D405886110EA168B00A9E853 /* libLLVMX86AsmParser.a */ = {isa = PBXFileReference; lastKnownFileType = archive.ar; name = libLLVMX86AsmParser.a; path = External/LLVM/Libraries/libLLVMX86AsmParser.a; sourceTree = "<group>"; };
		D405886210EA168B00A9E853 /* libLLVMX86AsmPrinter.a */ = {isa = PBXFileReference; lastKnownFileType = archive.ar; name = libLLVMX86AsmPrinter.a; path = External/LLVM/Libraries/libLLVMX86AsmPrinter.a; sourceTree = "<group>"; };
		D405886310EA168B00A9E853 /* libLLVMX86CodeGen.a */ = {isa = PBXFileReference; lastKnownFileType = archive.ar; name = libLLVMX86CodeGen.a; path = External/LLVM/Libraries/libLLVMX86CodeGen.a; sourceTree = "<group>"; };
		D405886410EA168B00A9E853 /* libLLVMX86Disassembler.a */ = {isa = PBXFileReference; lastKnownFileType = archive.ar; name = libLLVMX86Disassembler.a; path = External/LLVM/Libraries/libLLVMX86Disassembler.a; sourceTree = "<group>"; };
		D405886510EA168B00A9E853 /* libLLVMX86Info.a */ = {isa = PBXFileReference; lastKnownFileType = archive.ar; name = libLLVMX86Info.a; path = External/LLVM/Libraries/libLLVMX86Info.a; sourceTree = "<group>"; };
		D407955910EB280B0061CF6C /* Auspicion.plist */ = {isa = PBXFileReference; fileEncoding = 4; lastKnownFileType = text.plist.xml; path = Auspicion.plist; sourceTree = "<group>"; };
		D407958910EB28E90061CF6C /* Auspicion.h */ = {isa = PBXFileReference; fileEncoding = 4; lastKnownFileType = sourcecode.c.h; path = Auspicion.h; sourceTree = "<group>"; };
		D415F90B11A9A5210027AAD8 /* libLLVMInstCombine.a */ = {isa = PBXFileReference; lastKnownFileType = archive.ar; name = libLLVMInstCombine.a; path = External/LLVM/Libraries/libLLVMInstCombine.a; sourceTree = "<group>"; };
		D48B255611B364A9007CBBB4 /* ARXFunctionBuilder.h */ = {isa = PBXFileReference; fileEncoding = 4; lastKnownFileType = sourcecode.c.h; name = ARXFunctionBuilder.h; path = Classes/ARXFunctionBuilder.h; sourceTree = "<group>"; };
		D48B255711B364A9007CBBB4 /* ARXFunctionBuilder.m */ = {isa = PBXFileReference; fileEncoding = 4; lastKnownFileType = sourcecode.c.objc; name = ARXFunctionBuilder.m; path = Classes/ARXFunctionBuilder.m; sourceTree = "<group>"; };
		D4CF5EA411BF98F600C9DD15 /* ARXValue.h */ = {isa = PBXFileReference; fileEncoding = 4; lastKnownFileType = sourcecode.c.h; path = ARXValue.h; sourceTree = "<group>"; };
		D4CF5EA511BF98F600C9DD15 /* ARXValue.m */ = {isa = PBXFileReference; fileEncoding = 4; lastKnownFileType = sourcecode.c.objc; path = ARXValue.m; sourceTree = "<group>"; };
		D4CF5F1611BFF0C300C9DD15 /* ARXBooleanValue.h */ = {isa = PBXFileReference; fileEncoding = 4; lastKnownFileType = sourcecode.c.h; path = ARXBooleanValue.h; sourceTree = "<group>"; };
		D4CF5F1711BFF0C300C9DD15 /* ARXBooleanValue.m */ = {isa = PBXFileReference; fileEncoding = 4; lastKnownFileType = sourcecode.c.objc; path = ARXBooleanValue.m; sourceTree = "<group>"; };
		D4CF5F6811C13B3D00C9DD15 /* ARXType.h */ = {isa = PBXFileReference; fileEncoding = 4; lastKnownFileType = sourcecode.c.h; path = ARXType.h; sourceTree = "<group>"; };
		D4CF5F6911C13B3D00C9DD15 /* ARXType.m */ = {isa = PBXFileReference; fileEncoding = 4; lastKnownFileType = sourcecode.c.objc; path = ARXType.m; sourceTree = "<group>"; };
		D4CF5F8A11C1412D00C9DD15 /* ARXType+Protected.h */ = {isa = PBXFileReference; fileEncoding = 4; lastKnownFileType = sourcecode.c.h; path = "ARXType+Protected.h"; sourceTree = "<group>"; };
		D4CF5F8D11C1413900C9DD15 /* ARXStructureType.h */ = {isa = PBXFileReference; fileEncoding = 4; lastKnownFileType = sourcecode.c.h; path = ARXStructureType.h; sourceTree = "<group>"; };
		D4CF5F8E11C1413900C9DD15 /* ARXStructureType.m */ = {isa = PBXFileReference; fileEncoding = 4; lastKnownFileType = sourcecode.c.objc; path = ARXStructureType.m; sourceTree = "<group>"; };
		D4CF600A11C32E8600C9DD15 /* ARXPointerValue.h */ = {isa = PBXFileReference; fileEncoding = 4; lastKnownFileType = sourcecode.c.h; path = ARXPointerValue.h; sourceTree = "<group>"; };
		D4CF600B11C32E8600C9DD15 /* ARXPointerValue.m */ = {isa = PBXFileReference; fileEncoding = 4; lastKnownFileType = sourcecode.c.objc; path = ARXPointerValue.m; sourceTree = "<group>"; };
		D4CF600C11C32E8600C9DD15 /* ARXStructureValue.h */ = {isa = PBXFileReference; fileEncoding = 4; lastKnownFileType = sourcecode.c.h; path = ARXStructureValue.h; sourceTree = "<group>"; };
		D4CF600D11C32E8600C9DD15 /* ARXStructureValue.m */ = {isa = PBXFileReference; fileEncoding = 4; lastKnownFileType = sourcecode.c.objc; path = ARXStructureValue.m; sourceTree = "<group>"; };
		D4CF603311C32F8000C9DD15 /* Tests.octest */ = {isa = PBXFileReference; explicitFileType = wrapper.cfbundle; includeInIndex = 0; path = Tests.octest; sourceTree = BUILT_PRODUCTS_DIR; };
		D4CF603B11C3300400C9DD15 /* Tests-Info.plist */ = {isa = PBXFileReference; fileEncoding = 4; lastKnownFileType = text.plist.xml; path = "Tests-Info.plist"; sourceTree = "<group>"; };
		D4CF604011C3306E00C9DD15 /* ARXValueTests.m */ = {isa = PBXFileReference; fileEncoding = 4; lastKnownFileType = sourcecode.c.objc; path = ARXValueTests.m; sourceTree = "<group>"; };
		D4CF607311C331A400C9DD15 /* RXAssertions.h */ = {isa = PBXFileReference; fileEncoding = 4; lastKnownFileType = sourcecode.c.h; path = RXAssertions.h; sourceTree = "<group>"; };
		D4CF607411C331A400C9DD15 /* RXAssertions.m */ = {isa = PBXFileReference; fileEncoding = 4; lastKnownFileType = sourcecode.c.objc; path = RXAssertions.m; sourceTree = "<group>"; };
		D4CF60BD11C3332600C9DD15 /* ARXValue+Protected.h */ = {isa = PBXFileReference; fileEncoding = 4; lastKnownFileType = sourcecode.c.h; path = "ARXValue+Protected.h"; sourceTree = "<group>"; };
		D4CF60C911C3394600C9DD15 /* ARXFunction.h */ = {isa = PBXFileReference; fileEncoding = 4; lastKnownFileType = sourcecode.c.h; path = ARXFunction.h; sourceTree = "<group>"; };
		D4CF60CA11C3394600C9DD15 /* ARXFunction.m */ = {isa = PBXFileReference; fileEncoding = 4; lastKnownFileType = sourcecode.c.objc; path = ARXFunction.m; sourceTree = "<group>"; };
		D4CF60CB11C3394600C9DD15 /* ARXFunction+Protected.h */ = {isa = PBXFileReference; fileEncoding = 4; lastKnownFileType = sourcecode.c.h; path = "ARXFunction+Protected.h"; sourceTree = "<group>"; };
		D4CF60E811C3456E00C9DD15 /* ARXModule+Protected.h */ = {isa = PBXFileReference; fileEncoding = 4; lastKnownFileType = sourcecode.c.h; name = "ARXModule+Protected.h"; path = "Classes/ARXModule+Protected.h"; sourceTree = "<group>"; };
		D4CF60F411C3472300C9DD15 /* ARXBlock+Protected.h */ = {isa = PBXFileReference; fileEncoding = 4; lastKnownFileType = sourcecode.c.h; name = "ARXBlock+Protected.h"; path = "Classes/ARXBlock+Protected.h"; sourceTree = "<group>"; };
		D4CF611311C3481600C9DD15 /* ARXBuilder+Protected.h */ = {isa = PBXFileReference; fileEncoding = 4; lastKnownFileType = sourcecode.c.h; name = "ARXBuilder+Protected.h"; path = "Classes/ARXBuilder+Protected.h"; sourceTree = "<group>"; };
		D4CF617211C3537600C9DD15 /* NSObject+UniqueFactory.h */ = {isa = PBXFileReference; fileEncoding = 4; lastKnownFileType = sourcecode.c.h; name = "NSObject+UniqueFactory.h"; path = "Classes/NSObject+UniqueFactory.h"; sourceTree = "<group>"; };
		D4CF617311C3537600C9DD15 /* NSObject+UniqueFactory.m */ = {isa = PBXFileReference; fileEncoding = 4; lastKnownFileType = sourcecode.c.objc; name = "NSObject+UniqueFactory.m"; path = "Classes/NSObject+UniqueFactory.m"; sourceTree = "<group>"; };
		D4CF61D311C3775600C9DD15 /* ARXModuleTests.m */ = {isa = PBXFileReference; fileEncoding = 4; lastKnownFileType = sourcecode.c.objc; path = ARXModuleTests.m; sourceTree = "<group>"; };
		D4D74FEA11C39DB9002FF2F1 /* ARXFunctionType.h */ = {isa = PBXFileReference; fileEncoding = 4; lastKnownFileType = sourcecode.c.h; path = ARXFunctionType.h; sourceTree = "<group>"; };
		D4D74FEB11C39DB9002FF2F1 /* ARXFunctionType.m */ = {isa = PBXFileReference; fileEncoding = 4; lastKnownFileType = sourcecode.c.objc; path = ARXFunctionType.m; sourceTree = "<group>"; };
		D4D74FFC11C3A056002FF2F1 /* ARXCompiler+Protected.h */ = {isa = PBXFileReference; fileEncoding = 4; lastKnownFileType = sourcecode.c.h; name = "ARXCompiler+Protected.h"; path = "Classes/ARXCompiler+Protected.h"; sourceTree = "<group>"; };
		D4D74FFE11C3A061002FF2F1 /* ARXContext+Protected.h */ = {isa = PBXFileReference; fileEncoding = 4; lastKnownFileType = sourcecode.c.h; name = "ARXContext+Protected.h"; path = "Classes/ARXContext+Protected.h"; sourceTree = "<group>"; };
		D4D7500011C3A06B002FF2F1 /* ARXOptimizer+Protected.h */ = {isa = PBXFileReference; fileEncoding = 4; lastKnownFileType = sourcecode.c.h; name = "ARXOptimizer+Protected.h"; path = "Classes/ARXOptimizer+Protected.h"; sourceTree = "<group>"; };
		D4D7507111C3AE6C002FF2F1 /* ARXPointerType.h */ = {isa = PBXFileReference; fileEncoding = 4; lastKnownFileType = sourcecode.c.h; path = ARXPointerType.h; sourceTree = "<group>"; };
		D4D7507211C3AE6C002FF2F1 /* ARXPointerType.m */ = {isa = PBXFileReference; fileEncoding = 4; lastKnownFileType = sourcecode.c.objc; path = ARXPointerType.m; sourceTree = "<group>"; };
		D4D9DCDA10EB31DC003EEE90 /* ARXCompiler.h */ = {isa = PBXFileReference; fileEncoding = 4; lastKnownFileType = sourcecode.c.h; name = ARXCompiler.h; path = Classes/ARXCompiler.h; sourceTree = "<group>"; };
		D4D9DCDB10EB31DC003EEE90 /* ARXCompiler.m */ = {isa = PBXFileReference; fileEncoding = 4; lastKnownFileType = sourcecode.c.objc; name = ARXCompiler.m; path = Classes/ARXCompiler.m; sourceTree = "<group>"; };
		D4D9DE5510EB5F4F003EEE90 /* libAuspicionLLVM.a */ = {isa = PBXFileReference; explicitFileType = archive.ar; includeInIndex = 0; path = libAuspicionLLVM.a; sourceTree = BUILT_PRODUCTS_DIR; };
		D4D9DE6410EB5FBC003EEE90 /* AuspicionLLVM.cpp */ = {isa = PBXFileReference; fileEncoding = 4; lastKnownFileType = sourcecode.cpp.cpp; path = AuspicionLLVM.cpp; sourceTree = "<group>"; };
		D4D9DE6510EB5FBC003EEE90 /* AuspicionLLVM.h */ = {isa = PBXFileReference; fileEncoding = 4; lastKnownFileType = sourcecode.c.h; path = AuspicionLLVM.h; sourceTree = "<group>"; };
		D4D9DEBA10EB6903003EEE90 /* ARXOptimizer.h */ = {isa = PBXFileReference; fileEncoding = 4; lastKnownFileType = sourcecode.c.h; name = ARXOptimizer.h; path = Classes/ARXOptimizer.h; sourceTree = "<group>"; };
		D4D9DEBB10EB6903003EEE90 /* ARXOptimizer.m */ = {isa = PBXFileReference; fileEncoding = 4; lastKnownFileType = sourcecode.c.objc; name = ARXOptimizer.m; path = Classes/ARXOptimizer.m; sourceTree = "<group>"; };
/* End PBXFileReference section */

/* Begin PBXFrameworksBuildPhase section */
		D2AAC07C0554694100DB518D /* Frameworks */ = {
			isa = PBXFrameworksBuildPhase;
			buildActionMask = 2147483647;
			files = (
				D4D9DE5E10EB5F68003EEE90 /* libAuspicionLLVM.a in Frameworks */,
				D405880210EA0CE100A9E853 /* Foundation.framework in Frameworks */,
				D405886610EA168B00A9E853 /* libLLVMAnalysis.a in Frameworks */,
				D405886710EA168C00A9E853 /* libLLVMAsmPrinter.a in Frameworks */,
				D405886810EA168C00A9E853 /* libLLVMCodeGen.a in Frameworks */,
				D405886910EA168C00A9E853 /* libLLVMCore.a in Frameworks */,
				D405886A10EA168C00A9E853 /* libLLVMExecutionEngine.a in Frameworks */,
				D405886B10EA168C00A9E853 /* libLLVMJIT.a in Frameworks */,
				D405886C10EA168C00A9E853 /* libLLVMMC.a in Frameworks */,
				D405886D10EA168C00A9E853 /* libLLVMScalarOpts.a in Frameworks */,
				D405886E10EA168C00A9E853 /* libLLVMSelectionDAG.a in Frameworks */,
				D405886F10EA168C00A9E853 /* libLLVMSupport.a in Frameworks */,
				D405887010EA168C00A9E853 /* libLLVMSystem.a in Frameworks */,
				D405887110EA168C00A9E853 /* libLLVMTarget.a in Frameworks */,
				D405887210EA168C00A9E853 /* libLLVMTransformUtils.a in Frameworks */,
				D405887310EA168C00A9E853 /* libLLVMX86AsmParser.a in Frameworks */,
				D405887410EA168C00A9E853 /* libLLVMX86AsmPrinter.a in Frameworks */,
				D405887510EA168C00A9E853 /* libLLVMX86CodeGen.a in Frameworks */,
				D405887610EA168C00A9E853 /* libLLVMX86Disassembler.a in Frameworks */,
				D405887710EA168C00A9E853 /* libLLVMX86Info.a in Frameworks */,
				D415F90C11A9A5210027AAD8 /* libLLVMInstCombine.a in Frameworks */,
			);
			runOnlyForDeploymentPostprocessing = 0;
		};
		D4CF603011C32F8000C9DD15 /* Frameworks */ = {
			isa = PBXFrameworksBuildPhase;
			buildActionMask = 2147483647;
			files = (
				D4CF603F11C3302900C9DD15 /* libAuspicion.a in Frameworks */,
			);
			runOnlyForDeploymentPostprocessing = 0;
		};
		D4D9DE5310EB5F4F003EEE90 /* Frameworks */ = {
			isa = PBXFrameworksBuildPhase;
			buildActionMask = 2147483647;
			files = (
			);
			runOnlyForDeploymentPostprocessing = 0;
		};
/* End PBXFrameworksBuildPhase section */

/* Begin PBXGroup section */
		034768DFFF38A50411DB9C8B /* Products */ = {
			isa = PBXGroup;
			children = (
				D2AAC07E0554694100DB518D /* libAuspicion.a */,
				D4D9DE5510EB5F4F003EEE90 /* libAuspicionLLVM.a */,
				D4CF603311C32F8000C9DD15 /* Tests.octest */,
			);
			name = Products;
			sourceTree = "<group>";
		};
		0867D691FE84028FC02AAC07 /* Auspicion */ = {
			isa = PBXGroup;
			children = (
				08FB77AEFE84172EC02AAC07 /* Classes */,
				32C88DFF0371C24200C91783 /* Other Sources */,
				D4CF602C11C32F5700C9DD15 /* Tests */,
				D407955810EB280B0061CF6C /* Resources */,
				D4CF604911C3319D00C9DD15 /* External */,
				034768DFFF38A50411DB9C8B /* Products */,
			);
			name = Auspicion;
			sourceTree = "<group>";
		};
		0867D69AFE84028FC02AAC07 /* Libraries */ = {
			isa = PBXGroup;
			children = (
				D405885410EA168B00A9E853 /* libLLVMAnalysis.a */,
				D405885510EA168B00A9E853 /* libLLVMAsmPrinter.a */,
				D405885610EA168B00A9E853 /* libLLVMCodeGen.a */,
				D405885710EA168B00A9E853 /* libLLVMCore.a */,
				D405885810EA168B00A9E853 /* libLLVMExecutionEngine.a */,
				D415F90B11A9A5210027AAD8 /* libLLVMInstCombine.a */,
				D405885910EA168B00A9E853 /* libLLVMJIT.a */,
				D405885A10EA168B00A9E853 /* libLLVMMC.a */,
				D405885B10EA168B00A9E853 /* libLLVMScalarOpts.a */,
				D405885C10EA168B00A9E853 /* libLLVMSelectionDAG.a */,
				D405885D10EA168B00A9E853 /* libLLVMSupport.a */,
				D405885E10EA168B00A9E853 /* libLLVMSystem.a */,
				D405885F10EA168B00A9E853 /* libLLVMTarget.a */,
				D405886010EA168B00A9E853 /* libLLVMTransformUtils.a */,
				D405886110EA168B00A9E853 /* libLLVMX86AsmParser.a */,
				D405886210EA168B00A9E853 /* libLLVMX86AsmPrinter.a */,
				D405886310EA168B00A9E853 /* libLLVMX86CodeGen.a */,
				D405886410EA168B00A9E853 /* libLLVMX86Disassembler.a */,
				D405886510EA168B00A9E853 /* libLLVMX86Info.a */,
				0867D69BFE84028FC02AAC07 /* Foundation.framework */,
			);
			name = Libraries;
			sourceTree = "<group>";
		};
		08FB77AEFE84172EC02AAC07 /* Classes */ = {
			isa = PBXGroup;
			children = (
				D404EA2310F1E9F6007612E9 /* ARXBlock.h */,
				D404EA2410F1E9F6007612E9 /* ARXBlock.m */,
				D4CF60F411C3472300C9DD15 /* ARXBlock+Protected.h */,
				D405883810EA13EF00A9E853 /* ARXBuilder.h */,
				D405883910EA13EF00A9E853 /* ARXBuilder.m */,
				D4CF611311C3481600C9DD15 /* ARXBuilder+Protected.h */,
				D4D9DCDA10EB31DC003EEE90 /* ARXCompiler.h */,
				D4D9DCDB10EB31DC003EEE90 /* ARXCompiler.m */,
				D4D74FFC11C3A056002FF2F1 /* ARXCompiler+Protected.h */,
				D405880610EA0CF000A9E853 /* ARXContext.h */,
				D405880710EA0CF000A9E853 /* ARXContext.m */,
				D4D74FFE11C3A061002FF2F1 /* ARXContext+Protected.h */,
				D48B255611B364A9007CBBB4 /* ARXFunctionBuilder.h */,
				D48B255711B364A9007CBBB4 /* ARXFunctionBuilder.m */,
				D405881810EA0EB100A9E853 /* ARXModule.h */,
				D405881910EA0EB100A9E853 /* ARXModule.m */,
				D4CF60E811C3456E00C9DD15 /* ARXModule+Protected.h */,
				D4D9DEBA10EB6903003EEE90 /* ARXOptimizer.h */,
				D4D9DEBB10EB6903003EEE90 /* ARXOptimizer.m */,
				D4D7500011C3A06B002FF2F1 /* ARXOptimizer+Protected.h */,
				D4CF5F6511C13B3D00C9DD15 /* Type */,
				D4CF5EA111BF98F600C9DD15 /* Values */,
				D4CF617211C3537600C9DD15 /* NSObject+UniqueFactory.h */,
				D4CF617311C3537600C9DD15 /* NSObject+UniqueFactory.m */,
			);
			name = Classes;
			sourceTree = "<group>";
		};
		32C88DFF0371C24200C91783 /* Other Sources */ = {
			isa = PBXGroup;
			children = (
				D407958910EB28E90061CF6C /* Auspicion.h */,
				32DBCF5E0370ADEE00C91783 /* Auspicion.pch */,
				D4D9DE6410EB5FBC003EEE90 /* AuspicionLLVM.cpp */,
				D4D9DE6510EB5FBC003EEE90 /* AuspicionLLVM.h */,
			);
			path = "Other Sources";
			sourceTree = "<group>";
		};
		D407955810EB280B0061CF6C /* Resources */ = {
			isa = PBXGroup;
			children = (
				D407955910EB280B0061CF6C /* Auspicion.plist */,
				D4CF603B11C3300400C9DD15 /* Tests-Info.plist */,
			);
			path = Resources;
			sourceTree = "<group>";
		};
		D4CF5EA111BF98F600C9DD15 /* Values */ = {
			isa = PBXGroup;
			children = (
				D4CF5F1611BFF0C300C9DD15 /* ARXBooleanValue.h */,
				D4CF5F1711BFF0C300C9DD15 /* ARXBooleanValue.m */,
				D4CF60C911C3394600C9DD15 /* ARXFunction.h */,
				D4CF60CA11C3394600C9DD15 /* ARXFunction.m */,
				D4CF60CB11C3394600C9DD15 /* ARXFunction+Protected.h */,
				D4CF600A11C32E8600C9DD15 /* ARXPointerValue.h */,
				D4CF600B11C32E8600C9DD15 /* ARXPointerValue.m */,
				D4CF600C11C32E8600C9DD15 /* ARXStructureValue.h */,
				D4CF600D11C32E8600C9DD15 /* ARXStructureValue.m */,
				D4CF5EA411BF98F600C9DD15 /* ARXValue.h */,
				D4CF5EA511BF98F600C9DD15 /* ARXValue.m */,
				D4CF60BD11C3332600C9DD15 /* ARXValue+Protected.h */,
			);
			name = Values;
			path = Classes/Values;
			sourceTree = "<group>";
		};
		D4CF5F6511C13B3D00C9DD15 /* Type */ = {
			isa = PBXGroup;
			children = (
				D4D74FEA11C39DB9002FF2F1 /* ARXFunctionType.h */,
				D4D74FEB11C39DB9002FF2F1 /* ARXFunctionType.m */,
				D4D7507111C3AE6C002FF2F1 /* ARXPointerType.h */,
				D4D7507211C3AE6C002FF2F1 /* ARXPointerType.m */,
				D4CF5F8D11C1413900C9DD15 /* ARXStructureType.h */,
				D4CF5F8E11C1413900C9DD15 /* ARXStructureType.m */,
				D4CF5F6811C13B3D00C9DD15 /* ARXType.h */,
				D4CF5F6911C13B3D00C9DD15 /* ARXType.m */,
				D4CF5F8A11C1412D00C9DD15 /* ARXType+Protected.h */,
			);
			name = Type;
			path = Classes/Type;
			sourceTree = "<group>";
		};
		D4CF602C11C32F5700C9DD15 /* Tests */ = {
			isa = PBXGroup;
			children = (
				D4CF61D311C3775600C9DD15 /* ARXModuleTests.m */,
				D4CF604011C3306E00C9DD15 /* ARXValueTests.m */,
			);
			path = Tests;
			sourceTree = "<group>";
		};
		D4CF604911C3319D00C9DD15 /* External */ = {
			isa = PBXGroup;
			children = (
				D4CF60A811C331CA00C9DD15 /* LLVM */,
				D4CF604A11C331A400C9DD15 /* RXAssertions */,
			);
			name = External;
			sourceTree = "<group>";
		};
		D4CF604A11C331A400C9DD15 /* RXAssertions */ = {
			isa = PBXGroup;
			children = (
				D4CF607311C331A400C9DD15 /* RXAssertions.h */,
				D4CF607411C331A400C9DD15 /* RXAssertions.m */,
			);
			name = RXAssertions;
			path = External/RXAssertions;
			sourceTree = "<group>";
		};
		D4CF60A811C331CA00C9DD15 /* LLVM */ = {
			isa = PBXGroup;
			children = (
				0867D69AFE84028FC02AAC07 /* Libraries */,
			);
			name = LLVM;
			sourceTree = "<group>";
		};
/* End PBXGroup section */

/* Begin PBXHeadersBuildPhase section */
		D2AAC07A0554694100DB518D /* Headers */ = {
			isa = PBXHeadersBuildPhase;
			buildActionMask = 2147483647;
			files = (
				D405880A10EA0CF000A9E853 /* ARXContext.h in Headers */,
				D405881C10EA0EB100A9E853 /* ARXModule.h in Headers */,
				D405883A10EA13EF00A9E853 /* ARXBuilder.h in Headers */,
				D4D9DCDE10EB31DC003EEE90 /* ARXCompiler.h in Headers */,
				D4D9DEBE10EB6903003EEE90 /* ARXOptimizer.h in Headers */,
				D404EA2510F1E9F6007612E9 /* ARXBlock.h in Headers */,
				D48B255811B364A9007CBBB4 /* ARXFunctionBuilder.h in Headers */,
				D4CF5EA811BF98F600C9DD15 /* ARXValue.h in Headers */,
				D4CF5F1A11BFF0C300C9DD15 /* ARXBooleanValue.h in Headers */,
				D4CF5F6C11C13B3D00C9DD15 /* ARXType.h in Headers */,
				D4CF5F8B11C1412D00C9DD15 /* ARXType+Protected.h in Headers */,
				D4CF5F8F11C1413900C9DD15 /* ARXStructureType.h in Headers */,
				D4CF600E11C32E8600C9DD15 /* ARXPointerValue.h in Headers */,
				D4CF601011C32E8600C9DD15 /* ARXStructureValue.h in Headers */,
				D4CF60BE11C3332600C9DD15 /* ARXValue+Protected.h in Headers */,
				D4CF60CC11C3394600C9DD15 /* ARXFunction.h in Headers */,
				D4CF60CE11C3394600C9DD15 /* ARXFunction+Protected.h in Headers */,
				D4CF60E911C3456E00C9DD15 /* ARXModule+Protected.h in Headers */,
				D4CF60F511C3472300C9DD15 /* ARXBlock+Protected.h in Headers */,
				D4CF611411C3481600C9DD15 /* ARXBuilder+Protected.h in Headers */,
				D4CF617411C3537600C9DD15 /* NSObject+UniqueFactory.h in Headers */,
				D4D74FEC11C39DB9002FF2F1 /* ARXFunctionType.h in Headers */,
				D4D74FFD11C3A056002FF2F1 /* ARXCompiler+Protected.h in Headers */,
				D4D74FFF11C3A061002FF2F1 /* ARXContext+Protected.h in Headers */,
				D4D7500111C3A06B002FF2F1 /* ARXOptimizer+Protected.h in Headers */,
				D4D7507311C3AE6C002FF2F1 /* ARXPointerType.h in Headers */,
			);
			runOnlyForDeploymentPostprocessing = 0;
		};
		D4D9DE5110EB5F4F003EEE90 /* Headers */ = {
			isa = PBXHeadersBuildPhase;
			buildActionMask = 2147483647;
			files = (
				D4D9DE6710EB5FBC003EEE90 /* AuspicionLLVM.h in Headers */,
			);
			runOnlyForDeploymentPostprocessing = 0;
		};
/* End PBXHeadersBuildPhase section */

/* Begin PBXNativeTarget section */
		D2AAC07D0554694100DB518D /* Auspicion (Static Library) */ = {
			isa = PBXNativeTarget;
			buildConfigurationList = 1DEB921E08733DC00010E9CD /* Build configuration list for PBXNativeTarget "Auspicion (Static Library)" */;
			buildPhases = (
				D2AAC07A0554694100DB518D /* Headers */,
				D2AAC07B0554694100DB518D /* Sources */,
				D2AAC07C0554694100DB518D /* Frameworks */,
			);
			buildRules = (
			);
			dependencies = (
				D4D9DE5B10EB5F62003EEE90 /* PBXTargetDependency */,
			);
			name = "Auspicion (Static Library)";
			productName = Auspicion;
			productReference = D2AAC07E0554694100DB518D /* libAuspicion.a */;
			productType = "com.apple.product-type.library.static";
		};
		D4CF603211C32F8000C9DD15 /* Tests */ = {
			isa = PBXNativeTarget;
			buildConfigurationList = D4CF603711C32F8100C9DD15 /* Build configuration list for PBXNativeTarget "Tests" */;
			buildPhases = (
				D4CF602E11C32F8000C9DD15 /* Resources */,
				D4CF602F11C32F8000C9DD15 /* Sources */,
				D4CF603011C32F8000C9DD15 /* Frameworks */,
				D4CF603111C32F8000C9DD15 /* ShellScript */,
			);
			buildRules = (
			);
			dependencies = (
				D4CF603E11C3301500C9DD15 /* PBXTargetDependency */,
			);
			name = Tests;
			productName = Tests;
			productReference = D4CF603311C32F8000C9DD15 /* Tests.octest */;
			productType = "com.apple.product-type.bundle";
		};
		D4D9DE5410EB5F4F003EEE90 /* AuspicionLLVM */ = {
			isa = PBXNativeTarget;
			buildConfigurationList = D4D9DE6310EB5F6E003EEE90 /* Build configuration list for PBXNativeTarget "AuspicionLLVM" */;
			buildPhases = (
				D4D9DE5110EB5F4F003EEE90 /* Headers */,
				D4D9DE5210EB5F4F003EEE90 /* Sources */,
				D4D9DE5310EB5F4F003EEE90 /* Frameworks */,
			);
			buildRules = (
			);
			dependencies = (
			);
			name = AuspicionLLVM;
			productName = AuspicionLLVM;
			productReference = D4D9DE5510EB5F4F003EEE90 /* libAuspicionLLVM.a */;
			productType = "com.apple.product-type.library.static";
		};
/* End PBXNativeTarget section */

/* Begin PBXProject section */
		0867D690FE84028FC02AAC07 /* Project object */ = {
			isa = PBXProject;
			buildConfigurationList = 1DEB922208733DC00010E9CD /* Build configuration list for PBXProject "Auspicion" */;
			compatibilityVersion = "Xcode 3.1";
			hasScannedForEncodings = 1;
			mainGroup = 0867D691FE84028FC02AAC07 /* Auspicion */;
			productRefGroup = 034768DFFF38A50411DB9C8B /* Products */;
			projectDirPath = "";
			projectRoot = "";
			targets = (
				D2AAC07D0554694100DB518D /* Auspicion (Static Library) */,
				D4D9DE5410EB5F4F003EEE90 /* AuspicionLLVM */,
				D4CF603211C32F8000C9DD15 /* Tests */,
			);
		};
/* End PBXProject section */

/* Begin PBXResourcesBuildPhase section */
		D4CF602E11C32F8000C9DD15 /* Resources */ = {
			isa = PBXResourcesBuildPhase;
			buildActionMask = 2147483647;
			files = (
			);
			runOnlyForDeploymentPostprocessing = 0;
		};
/* End PBXResourcesBuildPhase section */

/* Begin PBXShellScriptBuildPhase section */
		D4CF603111C32F8000C9DD15 /* ShellScript */ = {
			isa = PBXShellScriptBuildPhase;
			buildActionMask = 2147483647;
			files = (
			);
			inputPaths = (
			);
			outputPaths = (
			);
			runOnlyForDeploymentPostprocessing = 0;
			shellPath = /bin/sh;
			shellScript = "# Run the unit tests in this test bundle.\n\"${SYSTEM_DEVELOPER_DIR}/Tools/RunUnitTests\"\n";
			showEnvVarsInLog = 0;
		};
/* End PBXShellScriptBuildPhase section */

/* Begin PBXSourcesBuildPhase section */
		D2AAC07B0554694100DB518D /* Sources */ = {
			isa = PBXSourcesBuildPhase;
			buildActionMask = 2147483647;
			files = (
				D405880B10EA0CF000A9E853 /* ARXContext.m in Sources */,
				D405881D10EA0EB100A9E853 /* ARXModule.m in Sources */,
				D405883B10EA13EF00A9E853 /* ARXBuilder.m in Sources */,
				D4D9DCDF10EB31DC003EEE90 /* ARXCompiler.m in Sources */,
				D4D9DEBF10EB6903003EEE90 /* ARXOptimizer.m in Sources */,
				D404EA2610F1E9F6007612E9 /* ARXBlock.m in Sources */,
				D48B255911B364A9007CBBB4 /* ARXFunctionBuilder.m in Sources */,
				D4CF5EA911BF98F600C9DD15 /* ARXValue.m in Sources */,
				D4CF5F1B11BFF0C300C9DD15 /* ARXBooleanValue.m in Sources */,
				D4CF5F6D11C13B3D00C9DD15 /* ARXType.m in Sources */,
				D4CF5F9011C1413900C9DD15 /* ARXStructureType.m in Sources */,
				D4CF600F11C32E8600C9DD15 /* ARXPointerValue.m in Sources */,
				D4CF601111C32E8600C9DD15 /* ARXStructureValue.m in Sources */,
				D4CF60CD11C3394600C9DD15 /* ARXFunction.m in Sources */,
				D4CF617511C3537600C9DD15 /* NSObject+UniqueFactory.m in Sources */,
				D4D74FED11C39DB9002FF2F1 /* ARXFunctionType.m in Sources */,
				D4D7507411C3AE6C002FF2F1 /* ARXPointerType.m in Sources */,
			);
			runOnlyForDeploymentPostprocessing = 0;
		};
		D4CF602F11C32F8000C9DD15 /* Sources */ = {
			isa = PBXSourcesBuildPhase;
			buildActionMask = 2147483647;
			files = (
				D4CF604111C3306E00C9DD15 /* ARXValueTests.m in Sources */,
				D4CF609911C331A400C9DD15 /* RXAssertions.m in Sources */,
				D4CF61D411C3775600C9DD15 /* ARXModuleTests.m in Sources */,
			);
			runOnlyForDeploymentPostprocessing = 0;
		};
		D4D9DE5210EB5F4F003EEE90 /* Sources */ = {
			isa = PBXSourcesBuildPhase;
			buildActionMask = 2147483647;
			files = (
				D4D9DE6610EB5FBC003EEE90 /* AuspicionLLVM.cpp in Sources */,
			);
			runOnlyForDeploymentPostprocessing = 0;
		};
/* End PBXSourcesBuildPhase section */

/* Begin PBXTargetDependency section */
		D4CF603E11C3301500C9DD15 /* PBXTargetDependency */ = {
			isa = PBXTargetDependency;
			target = D2AAC07D0554694100DB518D /* Auspicion (Static Library) */;
			targetProxy = D4CF603D11C3301500C9DD15 /* PBXContainerItemProxy */;
		};
		D4D9DE5B10EB5F62003EEE90 /* PBXTargetDependency */ = {
			isa = PBXTargetDependency;
			target = D4D9DE5410EB5F4F003EEE90 /* AuspicionLLVM */;
			targetProxy = D4D9DE5A10EB5F62003EEE90 /* PBXContainerItemProxy */;
		};
/* End PBXTargetDependency section */

/* Begin XCBuildConfiguration section */
		1DEB921F08733DC00010E9CD /* Debug */ = {
			isa = XCBuildConfiguration;
			buildSettings = {
				COPY_PHASE_STRIP = NO;
				GCC_DYNAMIC_NO_PIC = NO;
				GCC_ENABLE_FIX_AND_CONTINUE = YES;
				GCC_ENABLE_OBJC_GC = supported;
				GCC_MODEL_TUNING = G5;
				GCC_OPTIMIZATION_LEVEL = 0;
				HEADER_SEARCH_PATHS = "$(SRCROOT)/External/LLVM/Include/";
				INSTALL_PATH = /usr/local/lib;
				LIBRARY_SEARCH_PATHS = (
					"$(inherited)",
					"\"$(SRCROOT)/External/LLVM/Libraries\"",
					"\"$(SRCROOT)/build/Debug\"",
				);
				OTHER_LDFLAGS = "-ObjC";
				PRODUCT_NAME = Auspicion;
			};
			name = Debug;
		};
		1DEB922008733DC00010E9CD /* Release */ = {
			isa = XCBuildConfiguration;
			buildSettings = {
				DEBUG_INFORMATION_FORMAT = "dwarf-with-dsym";
				GCC_ENABLE_OBJC_GC = supported;
				GCC_MODEL_TUNING = G5;
				HEADER_SEARCH_PATHS = "$(SRCROOT)/External/LLVM/Include/";
				INSTALL_PATH = /usr/local/lib;
				LIBRARY_SEARCH_PATHS = (
					"$(inherited)",
					"\"$(SRCROOT)/External/LLVM/Libraries\"",
					"\"$(SRCROOT)/build/Debug\"",
				);
				OTHER_LDFLAGS = "-ObjC";
				PRODUCT_NAME = Auspicion;
			};
			name = Release;
		};
		1DEB922308733DC00010E9CD /* Debug */ = {
			isa = XCBuildConfiguration;
			buildSettings = {
				ARCHS = "$(ARCHS_STANDARD_32_64_BIT)";
				GCC_C_LANGUAGE_STANDARD = c99;
				GCC_INCREASE_PRECOMPILED_HEADER_SHARING = YES;
				GCC_OPTIMIZATION_LEVEL = 0;
				GCC_PRECOMPILE_PREFIX_HEADER = YES;
				GCC_PREFIX_HEADER = "Other Sources/Auspicion.pch";
				GCC_PREPROCESSOR_DEFINITIONS = DEBUG;
				GCC_VERSION = com.apple.compilers.llvmgcc42;
				GCC_WARN_ABOUT_RETURN_TYPE = YES;
				GCC_WARN_UNUSED_VARIABLE = YES;
				ONLY_ACTIVE_ARCH = YES;
				PREBINDING = NO;
				SDKROOT = macosx10.5;
			};
			name = Debug;
		};
		1DEB922408733DC00010E9CD /* Release */ = {
			isa = XCBuildConfiguration;
			buildSettings = {
				ARCHS = "$(ARCHS_STANDARD_32_64_BIT)";
				GCC_C_LANGUAGE_STANDARD = c99;
				GCC_INCREASE_PRECOMPILED_HEADER_SHARING = YES;
				GCC_PRECOMPILE_PREFIX_HEADER = YES;
				GCC_PREFIX_HEADER = "Other Sources/Auspicion.pch";
				GCC_VERSION = com.apple.compilers.llvmgcc42;
				GCC_WARN_ABOUT_RETURN_TYPE = YES;
				GCC_WARN_UNUSED_VARIABLE = YES;
				PREBINDING = NO;
				SDKROOT = macosx10.5;
			};
			name = Release;
		};
		D4CF603511C32F8100C9DD15 /* Debug */ = {
			isa = XCBuildConfiguration;
			buildSettings = {
				COPY_PHASE_STRIP = NO;
				FRAMEWORK_SEARCH_PATHS = "$(DEVELOPER_LIBRARY_DIR)/Frameworks";
				GCC_DYNAMIC_NO_PIC = NO;
				GCC_ENABLE_OBJC_EXCEPTIONS = YES;
				GCC_MODEL_TUNING = G5;
				GCC_OPTIMIZATION_LEVEL = 0;
				HEADER_SEARCH_PATHS = "$(SRCROOT)/External/LLVM/Include/";
				INFOPLIST_FILE = "Resources/Tests-Info.plist";
				INSTALL_PATH = "$(USER_LIBRARY_DIR)/Bundles";
				OTHER_CFLAGS = "-DAUSPICION_UNIT_TESTS";
				OTHER_LDFLAGS = (
					"-framework",
					Cocoa,
					"-framework",
					SenTestingKit,
					"-lstdc++",
					"-ObjC",
				);
				PREBINDING = NO;
				PRODUCT_NAME = Tests;
				WRAPPER_EXTENSION = octest;
			};
			name = Debug;
		};
		D4CF603611C32F8100C9DD15 /* Release */ = {
			isa = XCBuildConfiguration;
			buildSettings = {
				COPY_PHASE_STRIP = YES;
				DEBUG_INFORMATION_FORMAT = "dwarf-with-dsym";
				FRAMEWORK_SEARCH_PATHS = "$(DEVELOPER_LIBRARY_DIR)/Frameworks";
				GCC_ENABLE_OBJC_EXCEPTIONS = YES;
				GCC_MODEL_TUNING = G5;
				HEADER_SEARCH_PATHS = "$(SRCROOT)/External/LLVM/Include/";
				INFOPLIST_FILE = "Resources/Tests-Info.plist";
				INSTALL_PATH = "$(USER_LIBRARY_DIR)/Bundles";
				OTHER_CFLAGS = "-DAUSPICION_UNIT_TESTS";
				OTHER_LDFLAGS = (
					"-framework",
					Cocoa,
					"-framework",
					SenTestingKit,
					"-lstdc++",
					"-ObjC",
				);
				PREBINDING = NO;
				PRODUCT_NAME = Tests;
				WRAPPER_EXTENSION = octest;
			};
			name = Release;
		};
		D4D9DE5610EB5F4F003EEE90 /* Debug */ = {
			isa = XCBuildConfiguration;
			buildSettings = {
				COPY_PHASE_STRIP = NO;
				GCC_DYNAMIC_NO_PIC = NO;
				GCC_ENABLE_FIX_AND_CONTINUE = YES;
				GCC_MODEL_TUNING = G5;
				GCC_OPTIMIZATION_LEVEL = 0;
				HEADER_SEARCH_PATHS = "$(SRCROOT)/External/LLVM/Include/";
				INSTALL_PATH = /usr/local/lib;
				PREBINDING = NO;
				PRODUCT_NAME = AuspicionLLVM;
			};
			name = Debug;
		};
		D4D9DE5710EB5F4F003EEE90 /* Release */ = {
			isa = XCBuildConfiguration;
			buildSettings = {
				COPY_PHASE_STRIP = YES;
				DEBUG_INFORMATION_FORMAT = "dwarf-with-dsym";
				GCC_ENABLE_FIX_AND_CONTINUE = NO;
				GCC_MODEL_TUNING = G5;
				HEADER_SEARCH_PATHS = "$(SRCROOT)/External/LLVM/Include/";
				INSTALL_PATH = /usr/local/lib;
				PREBINDING = NO;
				PRODUCT_NAME = AuspicionLLVM;
			};
			name = Release;
		};
/* End XCBuildConfiguration section */

/* Begin XCConfigurationList section */
		1DEB921E08733DC00010E9CD /* Build configuration list for PBXNativeTarget "Auspicion (Static Library)" */ = {
			isa = XCConfigurationList;
			buildConfigurations = (
				1DEB921F08733DC00010E9CD /* Debug */,
				1DEB922008733DC00010E9CD /* Release */,
			);
			defaultConfigurationIsVisible = 0;
			defaultConfigurationName = Release;
		};
		1DEB922208733DC00010E9CD /* Build configuration list for PBXProject "Auspicion" */ = {
			isa = XCConfigurationList;
			buildConfigurations = (
				1DEB922308733DC00010E9CD /* Debug */,
				1DEB922408733DC00010E9CD /* Release */,
			);
			defaultConfigurationIsVisible = 0;
			defaultConfigurationName = Release;
		};
		D4CF603711C32F8100C9DD15 /* Build configuration list for PBXNativeTarget "Tests" */ = {
			isa = XCConfigurationList;
			buildConfigurations = (
				D4CF603511C32F8100C9DD15 /* Debug */,
				D4CF603611C32F8100C9DD15 /* Release */,
			);
			defaultConfigurationIsVisible = 0;
			defaultConfigurationName = Release;
		};
		D4D9DE6310EB5F6E003EEE90 /* Build configuration list for PBXNativeTarget "AuspicionLLVM" */ = {
			isa = XCConfigurationList;
			buildConfigurations = (
				D4D9DE5610EB5F4F003EEE90 /* Debug */,
				D4D9DE5710EB5F4F003EEE90 /* Release */,
			);
			defaultConfigurationIsVisible = 0;
			defaultConfigurationName = Release;
		};
/* End XCConfigurationList section */
	};
	rootObject = 0867D690FE84028FC02AAC07 /* Project object */;
}
